// !$*UTF8*$!
{
	archiveVersion = 1;
	classes = {
	};
	objectVersion = 55;
	objects = {

/* Begin PBXBuildFile section */
		607F56571DA474086C8F9105 /* Pods_CryptoApplication_CryptoApplicationUITests.framework in Frameworks */ = {isa = PBXBuildFile; fileRef = FEC83EB9EA91B6F3644B56B1 /* Pods_CryptoApplication_CryptoApplicationUITests.framework */; };
		74EB6E24A1164A6B01A7C7FF /* Pods_CryptoApplicationTests.framework in Frameworks */ = {isa = PBXBuildFile; fileRef = 667CE86793F325C09ABFA3B4 /* Pods_CryptoApplicationTests.framework */; };
		B80FF229285141660041D4AF /* EditCoinController.swift in Sources */ = {isa = PBXBuildFile; fileRef = B80FF228285141660041D4AF /* EditCoinController.swift */; };
		B80FF22B285141810041D4AF /* EditCoinValueController.swift in Sources */ = {isa = PBXBuildFile; fileRef = B80FF22A285141810041D4AF /* EditCoinValueController.swift */; };
		B80FF22D285141960041D4AF /* AddCoinController.swift in Sources */ = {isa = PBXBuildFile; fileRef = B80FF22C285141960041D4AF /* AddCoinController.swift */; };
		B80FF22F285141AB0041D4AF /* SingleCoinViewController.swift in Sources */ = {isa = PBXBuildFile; fileRef = B80FF22E285141AB0041D4AF /* SingleCoinViewController.swift */; };
		B80FF231285141D90041D4AF /* Coin.swift in Sources */ = {isa = PBXBuildFile; fileRef = B80FF230285141D90041D4AF /* Coin.swift */; };
		B80FF2352851420A0041D4AF /* CoinTableViewCell.swift in Sources */ = {isa = PBXBuildFile; fileRef = B80FF2342851420A0041D4AF /* CoinTableViewCell.swift */; };
		B80FF237285142220041D4AF /* AddCoinTableViewCell.swift in Sources */ = {isa = PBXBuildFile; fileRef = B80FF236285142220041D4AF /* AddCoinTableViewCell.swift */; };
		B812A2762846AD3A004751E8 /* assets.swift in Sources */ = {isa = PBXBuildFile; fileRef = B812A2752846AD3A004751E8 /* assets.swift */; };
		B812A2782846AF35004751E8 /* AssetView.swift in Sources */ = {isa = PBXBuildFile; fileRef = B812A2772846AF35004751E8 /* AssetView.swift */; };
		B812A27A2846B410004751E8 /* AssetViewCell.swift in Sources */ = {isa = PBXBuildFile; fileRef = B812A2792846B410004751E8 /* AssetViewCell.swift */; };
		B812A27C284DAA2B004751E8 /* EditorController.swift in Sources */ = {isa = PBXBuildFile; fileRef = B812A27B284DAA2B004751E8 /* EditorController.swift */; };
		B812A27E284DAECD004751E8 /* ProfileController.swift in Sources */ = {isa = PBXBuildFile; fileRef = B812A27D284DAECD004751E8 /* ProfileController.swift */; };
		B8380D62283C738D00C45FA6 /* AppDelegate.swift in Sources */ = {isa = PBXBuildFile; fileRef = B8380D61283C738D00C45FA6 /* AppDelegate.swift */; };
		B8380D64283C738D00C45FA6 /* SceneDelegate.swift in Sources */ = {isa = PBXBuildFile; fileRef = B8380D63283C738D00C45FA6 /* SceneDelegate.swift */; };
		B8380D66283C738D00C45FA6 /* ViewController.swift in Sources */ = {isa = PBXBuildFile; fileRef = B8380D65283C738D00C45FA6 /* ViewController.swift */; };
		B8380D6B283C738E00C45FA6 /* Assets.xcassets in Resources */ = {isa = PBXBuildFile; fileRef = B8380D6A283C738E00C45FA6 /* Assets.xcassets */; };
		B8380D6E283C738E00C45FA6 /* LaunchScreen.storyboard in Resources */ = {isa = PBXBuildFile; fileRef = B8380D6C283C738E00C45FA6 /* LaunchScreen.storyboard */; };
		B8380D79283C738E00C45FA6 /* CryptoApplicationTests.swift in Sources */ = {isa = PBXBuildFile; fileRef = B8380D78283C738E00C45FA6 /* CryptoApplicationTests.swift */; };
		B8380D83283C738E00C45FA6 /* CryptoApplicationUITests.swift in Sources */ = {isa = PBXBuildFile; fileRef = B8380D82283C738E00C45FA6 /* CryptoApplicationUITests.swift */; };
		B8380D85283C738E00C45FA6 /* CryptoApplicationUITestsLaunchTests.swift in Sources */ = {isa = PBXBuildFile; fileRef = B8380D84283C738E00C45FA6 /* CryptoApplicationUITestsLaunchTests.swift */; };
		B8A4CEA6284F03F7005BF392 /* NetworkManager.swift in Sources */ = {isa = PBXBuildFile; fileRef = B8A4CEA5284F03F7005BF392 /* NetworkManager.swift */; };
		B8A4CEA8284F064E005BF392 /* Post.swift in Sources */ = {isa = PBXBuildFile; fileRef = B8A4CEA7284F064E005BF392 /* Post.swift */; };
		D343C1D32F018A3B3A595AC0 /* Pods_CryptoApplication.framework in Frameworks */ = {isa = PBXBuildFile; fileRef = 543412E35F3F278CD8BC2CF1 /* Pods_CryptoApplication.framework */; };
/* End PBXBuildFile section */

/* Begin PBXContainerItemProxy section */
		B8380D75283C738E00C45FA6 /* PBXContainerItemProxy */ = {
			isa = PBXContainerItemProxy;
			containerPortal = B8380D56283C738C00C45FA6 /* Project object */;
			proxyType = 1;
			remoteGlobalIDString = B8380D5D283C738C00C45FA6;
			remoteInfo = CryptoApplication;
		};
		B8380D7F283C738E00C45FA6 /* PBXContainerItemProxy */ = {
			isa = PBXContainerItemProxy;
			containerPortal = B8380D56283C738C00C45FA6 /* Project object */;
			proxyType = 1;
			remoteGlobalIDString = B8380D5D283C738C00C45FA6;
			remoteInfo = CryptoApplication;
		};
/* End PBXContainerItemProxy section */

/* Begin PBXFileReference section */
		33E6C9C61487F3AD92A453D0 /* Pods-CryptoApplication-CryptoApplicationUITests.release.xcconfig */ = {isa = PBXFileReference; includeInIndex = 1; lastKnownFileType = text.xcconfig; name = "Pods-CryptoApplication-CryptoApplicationUITests.release.xcconfig"; path = "Target Support Files/Pods-CryptoApplication-CryptoApplicationUITests/Pods-CryptoApplication-CryptoApplicationUITests.release.xcconfig"; sourceTree = "<group>"; };
		449572E3242E0FEE1233240F /* Pods-CryptoApplication.release.xcconfig */ = {isa = PBXFileReference; includeInIndex = 1; lastKnownFileType = text.xcconfig; name = "Pods-CryptoApplication.release.xcconfig"; path = "Target Support Files/Pods-CryptoApplication/Pods-CryptoApplication.release.xcconfig"; sourceTree = "<group>"; };
		543412E35F3F278CD8BC2CF1 /* Pods_CryptoApplication.framework */ = {isa = PBXFileReference; explicitFileType = wrapper.framework; includeInIndex = 0; path = Pods_CryptoApplication.framework; sourceTree = BUILT_PRODUCTS_DIR; };
		667CE86793F325C09ABFA3B4 /* Pods_CryptoApplicationTests.framework */ = {isa = PBXFileReference; explicitFileType = wrapper.framework; includeInIndex = 0; path = Pods_CryptoApplicationTests.framework; sourceTree = BUILT_PRODUCTS_DIR; };
		67094C5600ED48EA02F36B7B /* Pods-CryptoApplicationTests.release.xcconfig */ = {isa = PBXFileReference; includeInIndex = 1; lastKnownFileType = text.xcconfig; name = "Pods-CryptoApplicationTests.release.xcconfig"; path = "Target Support Files/Pods-CryptoApplicationTests/Pods-CryptoApplicationTests.release.xcconfig"; sourceTree = "<group>"; };
		8B2853FA98BE6602D6FD4798 /* Pods-CryptoApplicationTests.debug.xcconfig */ = {isa = PBXFileReference; includeInIndex = 1; lastKnownFileType = text.xcconfig; name = "Pods-CryptoApplicationTests.debug.xcconfig"; path = "Target Support Files/Pods-CryptoApplicationTests/Pods-CryptoApplicationTests.debug.xcconfig"; sourceTree = "<group>"; };
		B80FF228285141660041D4AF /* EditCoinController.swift */ = {isa = PBXFileReference; lastKnownFileType = sourcecode.swift; path = EditCoinController.swift; sourceTree = "<group>"; };
		B80FF22A285141810041D4AF /* EditCoinValueController.swift */ = {isa = PBXFileReference; lastKnownFileType = sourcecode.swift; path = EditCoinValueController.swift; sourceTree = "<group>"; };
		B80FF22C285141960041D4AF /* AddCoinController.swift */ = {isa = PBXFileReference; lastKnownFileType = sourcecode.swift; path = AddCoinController.swift; sourceTree = "<group>"; };
		B80FF22E285141AB0041D4AF /* SingleCoinViewController.swift */ = {isa = PBXFileReference; lastKnownFileType = sourcecode.swift; path = SingleCoinViewController.swift; sourceTree = "<group>"; };
		B80FF230285141D90041D4AF /* Coin.swift */ = {isa = PBXFileReference; lastKnownFileType = sourcecode.swift; path = Coin.swift; sourceTree = "<group>"; };
		B80FF2342851420A0041D4AF /* CoinTableViewCell.swift */ = {isa = PBXFileReference; lastKnownFileType = sourcecode.swift; path = CoinTableViewCell.swift; sourceTree = "<group>"; };
		B80FF236285142220041D4AF /* AddCoinTableViewCell.swift */ = {isa = PBXFileReference; lastKnownFileType = sourcecode.swift; path = AddCoinTableViewCell.swift; sourceTree = "<group>"; };
		B812A2752846AD3A004751E8 /* assets.swift */ = {isa = PBXFileReference; lastKnownFileType = sourcecode.swift; path = assets.swift; sourceTree = "<group>"; };
		B812A2772846AF35004751E8 /* AssetView.swift */ = {isa = PBXFileReference; lastKnownFileType = sourcecode.swift; path = AssetView.swift; sourceTree = "<group>"; };
		B812A2792846B410004751E8 /* AssetViewCell.swift */ = {isa = PBXFileReference; lastKnownFileType = sourcecode.swift; path = AssetViewCell.swift; sourceTree = "<group>"; };
		B812A27B284DAA2B004751E8 /* EditorController.swift */ = {isa = PBXFileReference; lastKnownFileType = sourcecode.swift; path = EditorController.swift; sourceTree = "<group>"; };
		B812A27D284DAECD004751E8 /* ProfileController.swift */ = {isa = PBXFileReference; lastKnownFileType = sourcecode.swift; path = ProfileController.swift; sourceTree = "<group>"; };
		B8380D5E283C738D00C45FA6 /* CryptoApplication.app */ = {isa = PBXFileReference; explicitFileType = wrapper.application; includeInIndex = 0; path = CryptoApplication.app; sourceTree = BUILT_PRODUCTS_DIR; };
		B8380D61283C738D00C45FA6 /* AppDelegate.swift */ = {isa = PBXFileReference; lastKnownFileType = sourcecode.swift; path = AppDelegate.swift; sourceTree = "<group>"; };
		B8380D63283C738D00C45FA6 /* SceneDelegate.swift */ = {isa = PBXFileReference; lastKnownFileType = sourcecode.swift; path = SceneDelegate.swift; sourceTree = "<group>"; };
		B8380D65283C738D00C45FA6 /* ViewController.swift */ = {isa = PBXFileReference; lastKnownFileType = sourcecode.swift; path = ViewController.swift; sourceTree = "<group>"; };
		B8380D6A283C738E00C45FA6 /* Assets.xcassets */ = {isa = PBXFileReference; lastKnownFileType = folder.assetcatalog; path = Assets.xcassets; sourceTree = "<group>"; };
		B8380D6D283C738E00C45FA6 /* Base */ = {isa = PBXFileReference; lastKnownFileType = file.storyboard; name = Base; path = Base.lproj/LaunchScreen.storyboard; sourceTree = "<group>"; };
		B8380D6F283C738E00C45FA6 /* Info.plist */ = {isa = PBXFileReference; lastKnownFileType = text.plist.xml; path = Info.plist; sourceTree = "<group>"; };
		B8380D74283C738E00C45FA6 /* CryptoApplicationTests.xctest */ = {isa = PBXFileReference; explicitFileType = wrapper.cfbundle; includeInIndex = 0; path = CryptoApplicationTests.xctest; sourceTree = BUILT_PRODUCTS_DIR; };
		B8380D78283C738E00C45FA6 /* CryptoApplicationTests.swift */ = {isa = PBXFileReference; lastKnownFileType = sourcecode.swift; path = CryptoApplicationTests.swift; sourceTree = "<group>"; };
		B8380D7E283C738E00C45FA6 /* CryptoApplicationUITests.xctest */ = {isa = PBXFileReference; explicitFileType = wrapper.cfbundle; includeInIndex = 0; path = CryptoApplicationUITests.xctest; sourceTree = BUILT_PRODUCTS_DIR; };
		B8380D82283C738E00C45FA6 /* CryptoApplicationUITests.swift */ = {isa = PBXFileReference; lastKnownFileType = sourcecode.swift; path = CryptoApplicationUITests.swift; sourceTree = "<group>"; };
		B8380D84283C738E00C45FA6 /* CryptoApplicationUITestsLaunchTests.swift */ = {isa = PBXFileReference; lastKnownFileType = sourcecode.swift; path = CryptoApplicationUITestsLaunchTests.swift; sourceTree = "<group>"; };
		B8A4CEA5284F03F7005BF392 /* NetworkManager.swift */ = {isa = PBXFileReference; lastKnownFileType = sourcecode.swift; path = NetworkManager.swift; sourceTree = "<group>"; };
		B8A4CEA7284F064E005BF392 /* Post.swift */ = {isa = PBXFileReference; lastKnownFileType = sourcecode.swift; path = Post.swift; sourceTree = "<group>"; };
		ED14B1481DBB4D9074B870EB /* Pods-CryptoApplication-CryptoApplicationUITests.debug.xcconfig */ = {isa = PBXFileReference; includeInIndex = 1; lastKnownFileType = text.xcconfig; name = "Pods-CryptoApplication-CryptoApplicationUITests.debug.xcconfig"; path = "Target Support Files/Pods-CryptoApplication-CryptoApplicationUITests/Pods-CryptoApplication-CryptoApplicationUITests.debug.xcconfig"; sourceTree = "<group>"; };
		EFFCA93CF910FF4EAB935904 /* Pods-CryptoApplication.debug.xcconfig */ = {isa = PBXFileReference; includeInIndex = 1; lastKnownFileType = text.xcconfig; name = "Pods-CryptoApplication.debug.xcconfig"; path = "Target Support Files/Pods-CryptoApplication/Pods-CryptoApplication.debug.xcconfig"; sourceTree = "<group>"; };
		FEC83EB9EA91B6F3644B56B1 /* Pods_CryptoApplication_CryptoApplicationUITests.framework */ = {isa = PBXFileReference; explicitFileType = wrapper.framework; includeInIndex = 0; path = Pods_CryptoApplication_CryptoApplicationUITests.framework; sourceTree = BUILT_PRODUCTS_DIR; };
/* End PBXFileReference section */

/* Begin PBXFrameworksBuildPhase section */
		B8380D5B283C738C00C45FA6 /* Frameworks */ = {
			isa = PBXFrameworksBuildPhase;
			buildActionMask = 2147483647;
			files = (
				D343C1D32F018A3B3A595AC0 /* Pods_CryptoApplication.framework in Frameworks */,
			);
			runOnlyForDeploymentPostprocessing = 0;
		};
		B8380D71283C738E00C45FA6 /* Frameworks */ = {
			isa = PBXFrameworksBuildPhase;
			buildActionMask = 2147483647;
			files = (
				74EB6E24A1164A6B01A7C7FF /* Pods_CryptoApplicationTests.framework in Frameworks */,
			);
			runOnlyForDeploymentPostprocessing = 0;
		};
		B8380D7B283C738E00C45FA6 /* Frameworks */ = {
			isa = PBXFrameworksBuildPhase;
			buildActionMask = 2147483647;
			files = (
				607F56571DA474086C8F9105 /* Pods_CryptoApplication_CryptoApplicationUITests.framework in Frameworks */,
			);
			runOnlyForDeploymentPostprocessing = 0;
		};
/* End PBXFrameworksBuildPhase section */

/* Begin PBXGroup section */
		0D52E5A2BC3CEFD75F8388E5 /* Frameworks */ = {
			isa = PBXGroup;
			children = (
				543412E35F3F278CD8BC2CF1 /* Pods_CryptoApplication.framework */,
				FEC83EB9EA91B6F3644B56B1 /* Pods_CryptoApplication_CryptoApplicationUITests.framework */,
				667CE86793F325C09ABFA3B4 /* Pods_CryptoApplicationTests.framework */,
			);
			name = Frameworks;
			sourceTree = "<group>";
		};
		46DB8EC97199F08E78C41025 /* Pods */ = {
			isa = PBXGroup;
			children = (
				EFFCA93CF910FF4EAB935904 /* Pods-CryptoApplication.debug.xcconfig */,
				449572E3242E0FEE1233240F /* Pods-CryptoApplication.release.xcconfig */,
				ED14B1481DBB4D9074B870EB /* Pods-CryptoApplication-CryptoApplicationUITests.debug.xcconfig */,
				33E6C9C61487F3AD92A453D0 /* Pods-CryptoApplication-CryptoApplicationUITests.release.xcconfig */,
				8B2853FA98BE6602D6FD4798 /* Pods-CryptoApplicationTests.debug.xcconfig */,
				67094C5600ED48EA02F36B7B /* Pods-CryptoApplicationTests.release.xcconfig */,
			);
			path = Pods;
			sourceTree = "<group>";
		};
		B8380D55283C738C00C45FA6 = {
			isa = PBXGroup;
			children = (
				B812A2792846B410004751E8 /* AssetViewCell.swift */,
				B812A2772846AF35004751E8 /* AssetView.swift */,
				B812A2752846AD3A004751E8 /* assets.swift */,
				B8380D60283C738D00C45FA6 /* CryptoApplication */,
				B8380D77283C738E00C45FA6 /* CryptoApplicationTests */,
				B8380D81283C738E00C45FA6 /* CryptoApplicationUITests */,
				B8380D5F283C738D00C45FA6 /* Products */,
				46DB8EC97199F08E78C41025 /* Pods */,
				0D52E5A2BC3CEFD75F8388E5 /* Frameworks */,
			);
			sourceTree = "<group>";
		};
		B8380D5F283C738D00C45FA6 /* Products */ = {
			isa = PBXGroup;
			children = (
				B8380D5E283C738D00C45FA6 /* CryptoApplication.app */,
				B8380D74283C738E00C45FA6 /* CryptoApplicationTests.xctest */,
				B8380D7E283C738E00C45FA6 /* CryptoApplicationUITests.xctest */,
			);
			name = Products;
			sourceTree = "<group>";
		};
		B8380D60283C738D00C45FA6 /* CryptoApplication */ = {
			isa = PBXGroup;
			children = (
				B8380D61283C738D00C45FA6 /* AppDelegate.swift */,
				B8380D63283C738D00C45FA6 /* SceneDelegate.swift */,
				B8380D65283C738D00C45FA6 /* ViewController.swift */,
				B8380D6A283C738E00C45FA6 /* Assets.xcassets */,
				B8380D6C283C738E00C45FA6 /* LaunchScreen.storyboard */,
				B8380D6F283C738E00C45FA6 /* Info.plist */,
				B812A27B284DAA2B004751E8 /* EditorController.swift */,
				B812A27D284DAECD004751E8 /* ProfileController.swift */,
				B8A4CEA5284F03F7005BF392 /* NetworkManager.swift */,
				B8A4CEA7284F064E005BF392 /* Post.swift */,
				B80FF228285141660041D4AF /* EditCoinController.swift */,
				B80FF22A285141810041D4AF /* EditCoinValueController.swift */,
				B80FF22C285141960041D4AF /* AddCoinController.swift */,
				B80FF22E285141AB0041D4AF /* SingleCoinViewController.swift */,
				B80FF230285141D90041D4AF /* Coin.swift */,
				B80FF2342851420A0041D4AF /* CoinTableViewCell.swift */,
				B80FF236285142220041D4AF /* AddCoinTableViewCell.swift */,
			);
			path = CryptoApplication;
			sourceTree = "<group>";
		};
		B8380D77283C738E00C45FA6 /* CryptoApplicationTests */ = {
			isa = PBXGroup;
			children = (
				B8380D78283C738E00C45FA6 /* CryptoApplicationTests.swift */,
			);
			path = CryptoApplicationTests;
			sourceTree = "<group>";
		};
		B8380D81283C738E00C45FA6 /* CryptoApplicationUITests */ = {
			isa = PBXGroup;
			children = (
				B8380D82283C738E00C45FA6 /* CryptoApplicationUITests.swift */,
				B8380D84283C738E00C45FA6 /* CryptoApplicationUITestsLaunchTests.swift */,
			);
			path = CryptoApplicationUITests;
			sourceTree = "<group>";
		};
/* End PBXGroup section */

/* Begin PBXNativeTarget section */
		B8380D5D283C738C00C45FA6 /* CryptoApplication */ = {
			isa = PBXNativeTarget;
			buildConfigurationList = B8380D88283C738E00C45FA6 /* Build configuration list for PBXNativeTarget "CryptoApplication" */;
			buildPhases = (
				677ED8EB14E192CE3D262762 /* [CP] Check Pods Manifest.lock */,
				B8380D5A283C738C00C45FA6 /* Sources */,
				B8380D5B283C738C00C45FA6 /* Frameworks */,
				B8380D5C283C738C00C45FA6 /* Resources */,
				7E391B7BB8386D5963E8AA12 /* [CP] Embed Pods Frameworks */,
			);
			buildRules = (
			);
			dependencies = (
			);
			name = CryptoApplication;
			productName = CryptoApplication;
			productReference = B8380D5E283C738D00C45FA6 /* CryptoApplication.app */;
			productType = "com.apple.product-type.application";
		};
		B8380D73283C738E00C45FA6 /* CryptoApplicationTests */ = {
			isa = PBXNativeTarget;
			buildConfigurationList = B8380D8B283C738E00C45FA6 /* Build configuration list for PBXNativeTarget "CryptoApplicationTests" */;
			buildPhases = (
				EECEACD0F1DBD8E58304263E /* [CP] Check Pods Manifest.lock */,
				B8380D70283C738E00C45FA6 /* Sources */,
				B8380D71283C738E00C45FA6 /* Frameworks */,
				B8380D72283C738E00C45FA6 /* Resources */,
			);
			buildRules = (
			);
			dependencies = (
				B8380D76283C738E00C45FA6 /* PBXTargetDependency */,
			);
			name = CryptoApplicationTests;
			productName = CryptoApplicationTests;
			productReference = B8380D74283C738E00C45FA6 /* CryptoApplicationTests.xctest */;
			productType = "com.apple.product-type.bundle.unit-test";
		};
		B8380D7D283C738E00C45FA6 /* CryptoApplicationUITests */ = {
			isa = PBXNativeTarget;
			buildConfigurationList = B8380D8E283C738E00C45FA6 /* Build configuration list for PBXNativeTarget "CryptoApplicationUITests" */;
			buildPhases = (
				FDBB50B2E9C7D8C9A4CD0ECA /* [CP] Check Pods Manifest.lock */,
				B8380D7A283C738E00C45FA6 /* Sources */,
				B8380D7B283C738E00C45FA6 /* Frameworks */,
				B8380D7C283C738E00C45FA6 /* Resources */,
				05E401C13DC57DE59147FE0B /* [CP] Embed Pods Frameworks */,
			);
			buildRules = (
			);
			dependencies = (
				B8380D80283C738E00C45FA6 /* PBXTargetDependency */,
			);
			name = CryptoApplicationUITests;
			productName = CryptoApplicationUITests;
			productReference = B8380D7E283C738E00C45FA6 /* CryptoApplicationUITests.xctest */;
			productType = "com.apple.product-type.bundle.ui-testing";
		};
/* End PBXNativeTarget section */

/* Begin PBXProject section */
		B8380D56283C738C00C45FA6 /* Project object */ = {
			isa = PBXProject;
			attributes = {
				BuildIndependentTargetsInParallel = 1;
				LastSwiftUpdateCheck = 1320;
				LastUpgradeCheck = 1320;
				TargetAttributes = {
					B8380D5D283C738C00C45FA6 = {
						CreatedOnToolsVersion = 13.2.1;
					};
					B8380D73283C738E00C45FA6 = {
						CreatedOnToolsVersion = 13.2.1;
						TestTargetID = B8380D5D283C738C00C45FA6;
					};
					B8380D7D283C738E00C45FA6 = {
						CreatedOnToolsVersion = 13.2.1;
						TestTargetID = B8380D5D283C738C00C45FA6;
					};
				};
			};
			buildConfigurationList = B8380D59283C738C00C45FA6 /* Build configuration list for PBXProject "CryptoApplication" */;
			compatibilityVersion = "Xcode 13.0";
			developmentRegion = en;
			hasScannedForEncodings = 0;
			knownRegions = (
				en,
				Base,
			);
			mainGroup = B8380D55283C738C00C45FA6;
			productRefGroup = B8380D5F283C738D00C45FA6 /* Products */;
			projectDirPath = "";
			projectRoot = "";
			targets = (
				B8380D5D283C738C00C45FA6 /* CryptoApplication */,
				B8380D73283C738E00C45FA6 /* CryptoApplicationTests */,
				B8380D7D283C738E00C45FA6 /* CryptoApplicationUITests */,
			);
		};
/* End PBXProject section */

/* Begin PBXResourcesBuildPhase section */
		B8380D5C283C738C00C45FA6 /* Resources */ = {
			isa = PBXResourcesBuildPhase;
			buildActionMask = 2147483647;
			files = (
				B8380D6E283C738E00C45FA6 /* LaunchScreen.storyboard in Resources */,
				B8380D6B283C738E00C45FA6 /* Assets.xcassets in Resources */,
			);
			runOnlyForDeploymentPostprocessing = 0;
		};
		B8380D72283C738E00C45FA6 /* Resources */ = {
			isa = PBXResourcesBuildPhase;
			buildActionMask = 2147483647;
			files = (
			);
			runOnlyForDeploymentPostprocessing = 0;
		};
		B8380D7C283C738E00C45FA6 /* Resources */ = {
			isa = PBXResourcesBuildPhase;
			buildActionMask = 2147483647;
			files = (
			);
			runOnlyForDeploymentPostprocessing = 0;
		};
/* End PBXResourcesBuildPhase section */

/* Begin PBXShellScriptBuildPhase section */
		05E401C13DC57DE59147FE0B /* [CP] Embed Pods Frameworks */ = {
			isa = PBXShellScriptBuildPhase;
			buildActionMask = 2147483647;
			files = (
			);
			inputFileListPaths = (
				"${PODS_ROOT}/Target Support Files/Pods-CryptoApplication-CryptoApplicationUITests/Pods-CryptoApplication-CryptoApplicationUITests-frameworks-${CONFIGURATION}-input-files.xcfilelist",
			);
			name = "[CP] Embed Pods Frameworks";
			outputFileListPaths = (
				"${PODS_ROOT}/Target Support Files/Pods-CryptoApplication-CryptoApplicationUITests/Pods-CryptoApplication-CryptoApplicationUITests-frameworks-${CONFIGURATION}-output-files.xcfilelist",
			);
			runOnlyForDeploymentPostprocessing = 0;
			shellPath = /bin/sh;
			shellScript = "\"${PODS_ROOT}/Target Support Files/Pods-CryptoApplication-CryptoApplicationUITests/Pods-CryptoApplication-CryptoApplicationUITests-frameworks.sh\"\n";
			showEnvVarsInLog = 0;
		};
		677ED8EB14E192CE3D262762 /* [CP] Check Pods Manifest.lock */ = {
			isa = PBXShellScriptBuildPhase;
			buildActionMask = 2147483647;
			files = (
			);
			inputFileListPaths = (
			);
			inputPaths = (
				"${PODS_PODFILE_DIR_PATH}/Podfile.lock",
				"${PODS_ROOT}/Manifest.lock",
			);
			name = "[CP] Check Pods Manifest.lock";
			outputFileListPaths = (
			);
			outputPaths = (
				"$(DERIVED_FILE_DIR)/Pods-CryptoApplication-checkManifestLockResult.txt",
			);
			runOnlyForDeploymentPostprocessing = 0;
			shellPath = /bin/sh;
			shellScript = "diff \"${PODS_PODFILE_DIR_PATH}/Podfile.lock\" \"${PODS_ROOT}/Manifest.lock\" > /dev/null\nif [ $? != 0 ] ; then\n    # print error to STDERR\n    echo \"error: The sandbox is not in sync with the Podfile.lock. Run 'pod install' or update your CocoaPods installation.\" >&2\n    exit 1\nfi\n# This output is used by Xcode 'outputs' to avoid re-running this script phase.\necho \"SUCCESS\" > \"${SCRIPT_OUTPUT_FILE_0}\"\n";
			showEnvVarsInLog = 0;
		};
		7E391B7BB8386D5963E8AA12 /* [CP] Embed Pods Frameworks */ = {
			isa = PBXShellScriptBuildPhase;
			buildActionMask = 2147483647;
			files = (
			);
			inputFileListPaths = (
				"${PODS_ROOT}/Target Support Files/Pods-CryptoApplication/Pods-CryptoApplication-frameworks-${CONFIGURATION}-input-files.xcfilelist",
			);
			name = "[CP] Embed Pods Frameworks";
			outputFileListPaths = (
				"${PODS_ROOT}/Target Support Files/Pods-CryptoApplication/Pods-CryptoApplication-frameworks-${CONFIGURATION}-output-files.xcfilelist",
			);
			runOnlyForDeploymentPostprocessing = 0;
			shellPath = /bin/sh;
			shellScript = "\"${PODS_ROOT}/Target Support Files/Pods-CryptoApplication/Pods-CryptoApplication-frameworks.sh\"\n";
			showEnvVarsInLog = 0;
		};
		EECEACD0F1DBD8E58304263E /* [CP] Check Pods Manifest.lock */ = {
			isa = PBXShellScriptBuildPhase;
			buildActionMask = 2147483647;
			files = (
			);
			inputFileListPaths = (
			);
			inputPaths = (
				"${PODS_PODFILE_DIR_PATH}/Podfile.lock",
				"${PODS_ROOT}/Manifest.lock",
			);
			name = "[CP] Check Pods Manifest.lock";
			outputFileListPaths = (
			);
			outputPaths = (
				"$(DERIVED_FILE_DIR)/Pods-CryptoApplicationTests-checkManifestLockResult.txt",
			);
			runOnlyForDeploymentPostprocessing = 0;
			shellPath = /bin/sh;
			shellScript = "diff \"${PODS_PODFILE_DIR_PATH}/Podfile.lock\" \"${PODS_ROOT}/Manifest.lock\" > /dev/null\nif [ $? != 0 ] ; then\n    # print error to STDERR\n    echo \"error: The sandbox is not in sync with the Podfile.lock. Run 'pod install' or update your CocoaPods installation.\" >&2\n    exit 1\nfi\n# This output is used by Xcode 'outputs' to avoid re-running this script phase.\necho \"SUCCESS\" > \"${SCRIPT_OUTPUT_FILE_0}\"\n";
			showEnvVarsInLog = 0;
		};
		FDBB50B2E9C7D8C9A4CD0ECA /* [CP] Check Pods Manifest.lock */ = {
			isa = PBXShellScriptBuildPhase;
			buildActionMask = 2147483647;
			files = (
			);
			inputFileListPaths = (
			);
			inputPaths = (
				"${PODS_PODFILE_DIR_PATH}/Podfile.lock",
				"${PODS_ROOT}/Manifest.lock",
			);
			name = "[CP] Check Pods Manifest.lock";
			outputFileListPaths = (
			);
			outputPaths = (
				"$(DERIVED_FILE_DIR)/Pods-CryptoApplication-CryptoApplicationUITests-checkManifestLockResult.txt",
			);
			runOnlyForDeploymentPostprocessing = 0;
			shellPath = /bin/sh;
			shellScript = "diff \"${PODS_PODFILE_DIR_PATH}/Podfile.lock\" \"${PODS_ROOT}/Manifest.lock\" > /dev/null\nif [ $? != 0 ] ; then\n    # print error to STDERR\n    echo \"error: The sandbox is not in sync with the Podfile.lock. Run 'pod install' or update your CocoaPods installation.\" >&2\n    exit 1\nfi\n# This output is used by Xcode 'outputs' to avoid re-running this script phase.\necho \"SUCCESS\" > \"${SCRIPT_OUTPUT_FILE_0}\"\n";
			showEnvVarsInLog = 0;
		};
/* End PBXShellScriptBuildPhase section */

/* Begin PBXSourcesBuildPhase section */
		B8380D5A283C738C00C45FA6 /* Sources */ = {
			isa = PBXSourcesBuildPhase;
			buildActionMask = 2147483647;
			files = (
				B8A4CEA6284F03F7005BF392 /* NetworkManager.swift in Sources */,
				B8380D66283C738D00C45FA6 /* ViewController.swift in Sources */,
				B812A27A2846B410004751E8 /* AssetViewCell.swift in Sources */,
				B80FF231285141D90041D4AF /* Coin.swift in Sources */,
				B80FF237285142220041D4AF /* AddCoinTableViewCell.swift in Sources */,
				B8380D62283C738D00C45FA6 /* AppDelegate.swift in Sources */,
				B80FF22B285141810041D4AF /* EditCoinValueController.swift in Sources */,
				B80FF22D285141960041D4AF /* AddCoinController.swift in Sources */,
				B812A27C284DAA2B004751E8 /* EditorController.swift in Sources */,
				B812A2762846AD3A004751E8 /* assets.swift in Sources */,
				B8380D64283C738D00C45FA6 /* SceneDelegate.swift in Sources */,
				B80FF22F285141AB0041D4AF /* SingleCoinViewController.swift in Sources */,
				B812A2782846AF35004751E8 /* AssetView.swift in Sources */,
				B812A27E284DAECD004751E8 /* ProfileController.swift in Sources */,
				B8A4CEA8284F064E005BF392 /* Post.swift in Sources */,
				B80FF2352851420A0041D4AF /* CoinTableViewCell.swift in Sources */,
				B80FF229285141660041D4AF /* EditCoinController.swift in Sources */,
			);
			runOnlyForDeploymentPostprocessing = 0;
		};
		B8380D70283C738E00C45FA6 /* Sources */ = {
			isa = PBXSourcesBuildPhase;
			buildActionMask = 2147483647;
			files = (
				B8380D79283C738E00C45FA6 /* CryptoApplicationTests.swift in Sources */,
			);
			runOnlyForDeploymentPostprocessing = 0;
		};
		B8380D7A283C738E00C45FA6 /* Sources */ = {
			isa = PBXSourcesBuildPhase;
			buildActionMask = 2147483647;
			files = (
				B8380D85283C738E00C45FA6 /* CryptoApplicationUITestsLaunchTests.swift in Sources */,
				B8380D83283C738E00C45FA6 /* CryptoApplicationUITests.swift in Sources */,
			);
			runOnlyForDeploymentPostprocessing = 0;
		};
/* End PBXSourcesBuildPhase section */

/* Begin PBXTargetDependency section */
		B8380D76283C738E00C45FA6 /* PBXTargetDependency */ = {
			isa = PBXTargetDependency;
			target = B8380D5D283C738C00C45FA6 /* CryptoApplication */;
			targetProxy = B8380D75283C738E00C45FA6 /* PBXContainerItemProxy */;
		};
		B8380D80283C738E00C45FA6 /* PBXTargetDependency */ = {
			isa = PBXTargetDependency;
			target = B8380D5D283C738C00C45FA6 /* CryptoApplication */;
			targetProxy = B8380D7F283C738E00C45FA6 /* PBXContainerItemProxy */;
		};
/* End PBXTargetDependency section */

/* Begin PBXVariantGroup section */
		B8380D6C283C738E00C45FA6 /* LaunchScreen.storyboard */ = {
			isa = PBXVariantGroup;
			children = (
				B8380D6D283C738E00C45FA6 /* Base */,
			);
			name = LaunchScreen.storyboard;
			sourceTree = "<group>";
		};
/* End PBXVariantGroup section */

/* Begin XCBuildConfiguration section */
		B8380D86283C738E00C45FA6 /* Debug */ = {
			isa = XCBuildConfiguration;
			buildSettings = {
				ALWAYS_SEARCH_USER_PATHS = NO;
				CLANG_ANALYZER_NONNULL = YES;
				CLANG_ANALYZER_NUMBER_OBJECT_CONVERSION = YES_AGGRESSIVE;
				CLANG_CXX_LANGUAGE_STANDARD = "gnu++17";
				CLANG_CXX_LIBRARY = "libc++";
				CLANG_ENABLE_MODULES = YES;
				CLANG_ENABLE_OBJC_ARC = YES;
				CLANG_ENABLE_OBJC_WEAK = YES;
				CLANG_WARN_BLOCK_CAPTURE_AUTORELEASING = YES;
				CLANG_WARN_BOOL_CONVERSION = YES;
				CLANG_WARN_COMMA = YES;
				CLANG_WARN_CONSTANT_CONVERSION = YES;
				CLANG_WARN_DEPRECATED_OBJC_IMPLEMENTATIONS = YES;
				CLANG_WARN_DIRECT_OBJC_ISA_USAGE = YES_ERROR;
				CLANG_WARN_DOCUMENTATION_COMMENTS = YES;
				CLANG_WARN_EMPTY_BODY = YES;
				CLANG_WARN_ENUM_CONVERSION = YES;
				CLANG_WARN_INFINITE_RECURSION = YES;
				CLANG_WARN_INT_CONVERSION = YES;
				CLANG_WARN_NON_LITERAL_NULL_CONVERSION = YES;
				CLANG_WARN_OBJC_IMPLICIT_RETAIN_SELF = YES;
				CLANG_WARN_OBJC_LITERAL_CONVERSION = YES;
				CLANG_WARN_OBJC_ROOT_CLASS = YES_ERROR;
				CLANG_WARN_QUOTED_INCLUDE_IN_FRAMEWORK_HEADER = YES;
				CLANG_WARN_RANGE_LOOP_ANALYSIS = YES;
				CLANG_WARN_STRICT_PROTOTYPES = YES;
				CLANG_WARN_SUSPICIOUS_MOVE = YES;
				CLANG_WARN_UNGUARDED_AVAILABILITY = YES_AGGRESSIVE;
				CLANG_WARN_UNREACHABLE_CODE = YES;
				CLANG_WARN__DUPLICATE_METHOD_MATCH = YES;
				COPY_PHASE_STRIP = NO;
				DEBUG_INFORMATION_FORMAT = dwarf;
				ENABLE_STRICT_OBJC_MSGSEND = YES;
				ENABLE_TESTABILITY = YES;
				GCC_C_LANGUAGE_STANDARD = gnu11;
				GCC_DYNAMIC_NO_PIC = NO;
				GCC_NO_COMMON_BLOCKS = YES;
				GCC_OPTIMIZATION_LEVEL = 0;
				GCC_PREPROCESSOR_DEFINITIONS = (
					"DEBUG=1",
					"$(inherited)",
				);
				GCC_WARN_64_TO_32_BIT_CONVERSION = YES;
				GCC_WARN_ABOUT_RETURN_TYPE = YES_ERROR;
				GCC_WARN_UNDECLARED_SELECTOR = YES;
				GCC_WARN_UNINITIALIZED_AUTOS = YES_AGGRESSIVE;
				GCC_WARN_UNUSED_FUNCTION = YES;
				GCC_WARN_UNUSED_VARIABLE = YES;
				IPHONEOS_DEPLOYMENT_TARGET = 15.2;
				MTL_ENABLE_DEBUG_INFO = INCLUDE_SOURCE;
				MTL_FAST_MATH = YES;
				ONLY_ACTIVE_ARCH = YES;
				SDKROOT = iphoneos;
				SWIFT_ACTIVE_COMPILATION_CONDITIONS = DEBUG;
				SWIFT_OPTIMIZATION_LEVEL = "-Onone";
			};
			name = Debug;
		};
		B8380D87283C738E00C45FA6 /* Release */ = {
			isa = XCBuildConfiguration;
			buildSettings = {
				ALWAYS_SEARCH_USER_PATHS = NO;
				CLANG_ANALYZER_NONNULL = YES;
				CLANG_ANALYZER_NUMBER_OBJECT_CONVERSION = YES_AGGRESSIVE;
				CLANG_CXX_LANGUAGE_STANDARD = "gnu++17";
				CLANG_CXX_LIBRARY = "libc++";
				CLANG_ENABLE_MODULES = YES;
				CLANG_ENABLE_OBJC_ARC = YES;
				CLANG_ENABLE_OBJC_WEAK = YES;
				CLANG_WARN_BLOCK_CAPTURE_AUTORELEASING = YES;
				CLANG_WARN_BOOL_CONVERSION = YES;
				CLANG_WARN_COMMA = YES;
				CLANG_WARN_CONSTANT_CONVERSION = YES;
				CLANG_WARN_DEPRECATED_OBJC_IMPLEMENTATIONS = YES;
				CLANG_WARN_DIRECT_OBJC_ISA_USAGE = YES_ERROR;
				CLANG_WARN_DOCUMENTATION_COMMENTS = YES;
				CLANG_WARN_EMPTY_BODY = YES;
				CLANG_WARN_ENUM_CONVERSION = YES;
				CLANG_WARN_INFINITE_RECURSION = YES;
				CLANG_WARN_INT_CONVERSION = YES;
				CLANG_WARN_NON_LITERAL_NULL_CONVERSION = YES;
				CLANG_WARN_OBJC_IMPLICIT_RETAIN_SELF = YES;
				CLANG_WARN_OBJC_LITERAL_CONVERSION = YES;
				CLANG_WARN_OBJC_ROOT_CLASS = YES_ERROR;
				CLANG_WARN_QUOTED_INCLUDE_IN_FRAMEWORK_HEADER = YES;
				CLANG_WARN_RANGE_LOOP_ANALYSIS = YES;
				CLANG_WARN_STRICT_PROTOTYPES = YES;
				CLANG_WARN_SUSPICIOUS_MOVE = YES;
				CLANG_WARN_UNGUARDED_AVAILABILITY = YES_AGGRESSIVE;
				CLANG_WARN_UNREACHABLE_CODE = YES;
				CLANG_WARN__DUPLICATE_METHOD_MATCH = YES;
				COPY_PHASE_STRIP = NO;
				DEBUG_INFORMATION_FORMAT = "dwarf-with-dsym";
				ENABLE_NS_ASSERTIONS = NO;
				ENABLE_STRICT_OBJC_MSGSEND = YES;
				GCC_C_LANGUAGE_STANDARD = gnu11;
				GCC_NO_COMMON_BLOCKS = YES;
				GCC_WARN_64_TO_32_BIT_CONVERSION = YES;
				GCC_WARN_ABOUT_RETURN_TYPE = YES_ERROR;
				GCC_WARN_UNDECLARED_SELECTOR = YES;
				GCC_WARN_UNINITIALIZED_AUTOS = YES_AGGRESSIVE;
				GCC_WARN_UNUSED_FUNCTION = YES;
				GCC_WARN_UNUSED_VARIABLE = YES;
				IPHONEOS_DEPLOYMENT_TARGET = 15.2;
				MTL_ENABLE_DEBUG_INFO = NO;
				MTL_FAST_MATH = YES;
				SDKROOT = iphoneos;
				SWIFT_COMPILATION_MODE = wholemodule;
				SWIFT_OPTIMIZATION_LEVEL = "-O";
				VALIDATE_PRODUCT = YES;
			};
			name = Release;
		};
		B8380D89283C738E00C45FA6 /* Debug */ = {
			isa = XCBuildConfiguration;
			baseConfigurationReference = EFFCA93CF910FF4EAB935904 /* Pods-CryptoApplication.debug.xcconfig */;
			buildSettings = {
				ASSETCATALOG_COMPILER_APPICON_NAME = AppIcon;
				ASSETCATALOG_COMPILER_GLOBAL_ACCENT_COLOR_NAME = AccentColor;
				CODE_SIGN_STYLE = Automatic;
				CURRENT_PROJECT_VERSION = 1;
				GENERATE_INFOPLIST_FILE = YES;
				INFOPLIST_FILE = CryptoApplication/Info.plist;
				INFOPLIST_KEY_UIApplicationSupportsIndirectInputEvents = YES;
				INFOPLIST_KEY_UILaunchStoryboardName = LaunchScreen;
				INFOPLIST_KEY_UIMainStoryboardFile = LaunchScreen;
				INFOPLIST_KEY_UISupportedInterfaceOrientations_iPad = "UIInterfaceOrientationPortrait UIInterfaceOrientationPortraitUpsideDown UIInterfaceOrientationLandscapeLeft UIInterfaceOrientationLandscapeRight";
				INFOPLIST_KEY_UISupportedInterfaceOrientations_iPhone = "UIInterfaceOrientationPortrait UIInterfaceOrientationLandscapeLeft UIInterfaceOrientationLandscapeRight";
				LD_RUNPATH_SEARCH_PATHS = (
					"$(inherited)",
					"@executable_path/Frameworks",
				);
				MARKETING_VERSION = 1.0;
				PRODUCT_BUNDLE_IDENTIFIER = annesh0.CryptoApplication;
				PRODUCT_NAME = "$(TARGET_NAME)";
				SWIFT_EMIT_LOC_STRINGS = YES;
				SWIFT_VERSION = 5.0;
				TARGETED_DEVICE_FAMILY = "1,2";
			};
			name = Debug;
		};
		B8380D8A283C738E00C45FA6 /* Release */ = {
			isa = XCBuildConfiguration;
			baseConfigurationReference = 449572E3242E0FEE1233240F /* Pods-CryptoApplication.release.xcconfig */;
			buildSettings = {
				ASSETCATALOG_COMPILER_APPICON_NAME = AppIcon;
				ASSETCATALOG_COMPILER_GLOBAL_ACCENT_COLOR_NAME = AccentColor;
				CODE_SIGN_STYLE = Automatic;
				CURRENT_PROJECT_VERSION = 1;
				GENERATE_INFOPLIST_FILE = YES;
				INFOPLIST_FILE = CryptoApplication/Info.plist;
				INFOPLIST_KEY_UIApplicationSupportsIndirectInputEvents = YES;
				INFOPLIST_KEY_UILaunchStoryboardName = LaunchScreen;
				INFOPLIST_KEY_UIMainStoryboardFile = LaunchScreen;
				INFOPLIST_KEY_UISupportedInterfaceOrientations_iPad = "UIInterfaceOrientationPortrait UIInterfaceOrientationPortraitUpsideDown UIInterfaceOrientationLandscapeLeft UIInterfaceOrientationLandscapeRight";
				INFOPLIST_KEY_UISupportedInterfaceOrientations_iPhone = "UIInterfaceOrientationPortrait UIInterfaceOrientationLandscapeLeft UIInterfaceOrientationLandscapeRight";
				LD_RUNPATH_SEARCH_PATHS = (
					"$(inherited)",
					"@executable_path/Frameworks",
				);
				MARKETING_VERSION = 1.0;
				PRODUCT_BUNDLE_IDENTIFIER = annesh0.CryptoApplication;
				PRODUCT_NAME = "$(TARGET_NAME)";
				SWIFT_EMIT_LOC_STRINGS = YES;
				SWIFT_VERSION = 5.0;
				TARGETED_DEVICE_FAMILY = "1,2";
			};
			name = Release;
		};
		B8380D8C283C738E00C45FA6 /* Debug */ = {
			isa = XCBuildConfiguration;
			baseConfigurationReference = 8B2853FA98BE6602D6FD4798 /* Pods-CryptoApplicationTests.debug.xcconfig */;
			buildSettings = {
				ALWAYS_EMBED_SWIFT_STANDARD_LIBRARIES = YES;
				BUNDLE_LOADER = "$(TEST_HOST)";
				CODE_SIGN_STYLE = Automatic;
				CURRENT_PROJECT_VERSION = 1;
				GENERATE_INFOPLIST_FILE = YES;
				IPHONEOS_DEPLOYMENT_TARGET = 15.2;
				MARKETING_VERSION = 1.0;
				PRODUCT_BUNDLE_IDENTIFIER = annesh0.CryptoApplicationTests;
				PRODUCT_NAME = "$(TARGET_NAME)";
				SWIFT_EMIT_LOC_STRINGS = NO;
				SWIFT_VERSION = 5.0;
				TARGETED_DEVICE_FAMILY = "1,2";
				TEST_HOST = "$(BUILT_PRODUCTS_DIR)/CryptoApplication.app/CryptoApplication";
			};
			name = Debug;
		};
		B8380D8D283C738E00C45FA6 /* Release */ = {
			isa = XCBuildConfiguration;
			baseConfigurationReference = 67094C5600ED48EA02F36B7B /* Pods-CryptoApplicationTests.release.xcconfig */;
			buildSettings = {
				ALWAYS_EMBED_SWIFT_STANDARD_LIBRARIES = YES;
				BUNDLE_LOADER = "$(TEST_HOST)";
				CODE_SIGN_STYLE = Automatic;
				CURRENT_PROJECT_VERSION = 1;
				GENERATE_INFOPLIST_FILE = YES;
				IPHONEOS_DEPLOYMENT_TARGET = 15.2;
				MARKETING_VERSION = 1.0;
				PRODUCT_BUNDLE_IDENTIFIER = annesh0.CryptoApplicationTests;
				PRODUCT_NAME = "$(TARGET_NAME)";
				SWIFT_EMIT_LOC_STRINGS = NO;
				SWIFT_VERSION = 5.0;
				TARGETED_DEVICE_FAMILY = "1,2";
				TEST_HOST = "$(BUILT_PRODUCTS_DIR)/CryptoApplication.app/CryptoApplication";
			};
			name = Release;
		};
		B8380D8F283C738E00C45FA6 /* Debug */ = {
			isa = XCBuildConfiguration;
			baseConfigurationReference = ED14B1481DBB4D9074B870EB /* Pods-CryptoApplication-CryptoApplicationUITests.debug.xcconfig */;
			buildSettings = {
				ALWAYS_EMBED_SWIFT_STANDARD_LIBRARIES = YES;
				CODE_SIGN_STYLE = Automatic;
				CURRENT_PROJECT_VERSION = 1;
				GENERATE_INFOPLIST_FILE = YES;
				MARKETING_VERSION = 1.0;
				PRODUCT_BUNDLE_IDENTIFIER = annesh0.CryptoApplicationUITests;
				PRODUCT_NAME = "$(TARGET_NAME)";
				SWIFT_EMIT_LOC_STRINGS = NO;
				SWIFT_VERSION = 5.0;
				TARGETED_DEVICE_FAMILY = "1,2";
				TEST_TARGET_NAME = CryptoApplication;
			};
			name = Debug;
		};
		B8380D90283C738E00C45FA6 /* Release */ = {
			isa = XCBuildConfiguration;
			baseConfigurationReference = 33E6C9C61487F3AD92A453D0 /* Pods-CryptoApplication-CryptoApplicationUITests.release.xcconfig */;
			buildSettings = {
				ALWAYS_EMBED_SWIFT_STANDARD_LIBRARIES = YES;
				CODE_SIGN_STYLE = Automatic;
				CURRENT_PROJECT_VERSION = 1;
				GENERATE_INFOPLIST_FILE = YES;
				MARKETING_VERSION = 1.0;
				PRODUCT_BUNDLE_IDENTIFIER = annesh0.CryptoApplicationUITests;
				PRODUCT_NAME = "$(TARGET_NAME)";
				SWIFT_EMIT_LOC_STRINGS = NO;
				SWIFT_VERSION = 5.0;
				TARGETED_DEVICE_FAMILY = "1,2";
				TEST_TARGET_NAME = CryptoApplication;
			};
			name = Release;
		};
/* End XCBuildConfiguration section */

/* Begin XCConfigurationList section */
		B8380D59283C738C00C45FA6 /* Build configuration list for PBXProject "CryptoApplication" */ = {
			isa = XCConfigurationList;
			buildConfigurations = (
				B8380D86283C738E00C45FA6 /* Debug */,
				B8380D87283C738E00C45FA6 /* Release */,
			);
			defaultConfigurationIsVisible = 0;
			defaultConfigurationName = Release;
		};
		B8380D88283C738E00C45FA6 /* Build configuration list for PBXNativeTarget "CryptoApplication" */ = {
			isa = XCConfigurationList;
			buildConfigurations = (
				B8380D89283C738E00C45FA6 /* Debug */,
				B8380D8A283C738E00C45FA6 /* Release */,
			);
			defaultConfigurationIsVisible = 0;
			defaultConfigurationName = Release;
		};
		B8380D8B283C738E00C45FA6 /* Build configuration list for PBXNativeTarget "CryptoApplicationTests" */ = {
			isa = XCConfigurationList;
			buildConfigurations = (
				B8380D8C283C738E00C45FA6 /* Debug */,
				B8380D8D283C738E00C45FA6 /* Release */,
			);
			defaultConfigurationIsVisible = 0;
			defaultConfigurationName = Release;
		};
		B8380D8E283C738E00C45FA6 /* Build configuration list for PBXNativeTarget "CryptoApplicationUITests" */ = {
			isa = XCConfigurationList;
			buildConfigurations = (
				B8380D8F283C738E00C45FA6 /* Debug */,
				B8380D90283C738E00C45FA6 /* Release */,
			);
			defaultConfigurationIsVisible = 0;
			defaultConfigurationName = Release;
		};
/* End XCConfigurationList section */
	};
	rootObject = B8380D56283C738C00C45FA6 /* Project object */;
}
