// !$*UTF8*$!
{
	archiveVersion = 1;
	classes = {
	};
	objectVersion = 55;
	objects = {

/* Begin PBXBuildFile section */
		FC12F641284EF26C0092BD24 /* AppDelegate.swift in Sources */ = {isa = PBXBuildFile; fileRef = FC12F640284EF26C0092BD24 /* AppDelegate.swift */; };
		FC12F643284EF26C0092BD24 /* SceneDelegate.swift in Sources */ = {isa = PBXBuildFile; fileRef = FC12F642284EF26C0092BD24 /* SceneDelegate.swift */; };
		FC12F645284EF26C0092BD24 /* ViewController.swift in Sources */ = {isa = PBXBuildFile; fileRef = FC12F644284EF26C0092BD24 /* ViewController.swift */; };
		FC12F64A284EF26D0092BD24 /* Assets.xcassets in Resources */ = {isa = PBXBuildFile; fileRef = FC12F649284EF26D0092BD24 /* Assets.xcassets */; };
		FC12F64D284EF26D0092BD24 /* LaunchScreen.storyboard in Resources */ = {isa = PBXBuildFile; fileRef = FC12F64B284EF26D0092BD24 /* LaunchScreen.storyboard */; };
		FC12F658284EF26D0092BD24 /* practiceTableViewTests.swift in Sources */ = {isa = PBXBuildFile; fileRef = FC12F657284EF26D0092BD24 /* practiceTableViewTests.swift */; };
		FC12F662284EF26D0092BD24 /* practiceTableViewUITests.swift in Sources */ = {isa = PBXBuildFile; fileRef = FC12F661284EF26D0092BD24 /* practiceTableViewUITests.swift */; };
		FC12F664284EF26D0092BD24 /* practiceTableViewUITestsLaunchTests.swift in Sources */ = {isa = PBXBuildFile; fileRef = FC12F663284EF26D0092BD24 /* practiceTableViewUITestsLaunchTests.swift */; };
		FC12F675284F05EF0092BD24 /* Coin.swift in Sources */ = {isa = PBXBuildFile; fileRef = FC12F674284F05EF0092BD24 /* Coin.swift */; };
		FC12F677284F109F0092BD24 /* CoinTableViewCell.swift in Sources */ = {isa = PBXBuildFile; fileRef = FC12F676284F109F0092BD24 /* CoinTableViewCell.swift */; };
		FC12F679284F355A0092BD24 /* AddCoinController.swift in Sources */ = {isa = PBXBuildFile; fileRef = FC12F678284F355A0092BD24 /* AddCoinController.swift */; };
		FC12F67B284F37890092BD24 /* EditCoinController.swift in Sources */ = {isa = PBXBuildFile; fileRef = FC12F67A284F37890092BD24 /* EditCoinController.swift */; };
		FC12F67D284FCBB00092BD24 /* EditCoinValueController.swift in Sources */ = {isa = PBXBuildFile; fileRef = FC12F67C284FCBB00092BD24 /* EditCoinValueController.swift */; };
		FC12F67F284FF82C0092BD24 /* AddCoinTableViewCell.swift in Sources */ = {isa = PBXBuildFile; fileRef = FC12F67E284FF82C0092BD24 /* AddCoinTableViewCell.swift */; };
/* End PBXBuildFile section */

/* Begin PBXContainerItemProxy section */
		FC12F654284EF26D0092BD24 /* PBXContainerItemProxy */ = {
			isa = PBXContainerItemProxy;
			containerPortal = FC12F635284EF26C0092BD24 /* Project object */;
			proxyType = 1;
			remoteGlobalIDString = FC12F63C284EF26C0092BD24;
			remoteInfo = practiceTableView;
		};
		FC12F65E284EF26D0092BD24 /* PBXContainerItemProxy */ = {
			isa = PBXContainerItemProxy;
			containerPortal = FC12F635284EF26C0092BD24 /* Project object */;
			proxyType = 1;
			remoteGlobalIDString = FC12F63C284EF26C0092BD24;
			remoteInfo = practiceTableView;
		};
/* End PBXContainerItemProxy section */

/* Begin PBXFileReference section */
		FC12F63D284EF26C0092BD24 /* practiceTableView.app */ = {isa = PBXFileReference; explicitFileType = wrapper.application; includeInIndex = 0; path = practiceTableView.app; sourceTree = BUILT_PRODUCTS_DIR; };
		FC12F640284EF26C0092BD24 /* AppDelegate.swift */ = {isa = PBXFileReference; lastKnownFileType = sourcecode.swift; path = AppDelegate.swift; sourceTree = "<group>"; };
		FC12F642284EF26C0092BD24 /* SceneDelegate.swift */ = {isa = PBXFileReference; lastKnownFileType = sourcecode.swift; path = SceneDelegate.swift; sourceTree = "<group>"; };
		FC12F644284EF26C0092BD24 /* ViewController.swift */ = {isa = PBXFileReference; lastKnownFileType = sourcecode.swift; path = ViewController.swift; sourceTree = "<group>"; };
		FC12F649284EF26D0092BD24 /* Assets.xcassets */ = {isa = PBXFileReference; lastKnownFileType = folder.assetcatalog; path = Assets.xcassets; sourceTree = "<group>"; };
		FC12F64C284EF26D0092BD24 /* Base */ = {isa = PBXFileReference; lastKnownFileType = file.storyboard; name = Base; path = Base.lproj/LaunchScreen.storyboard; sourceTree = "<group>"; };
		FC12F64E284EF26D0092BD24 /* Info.plist */ = {isa = PBXFileReference; lastKnownFileType = text.plist.xml; path = Info.plist; sourceTree = "<group>"; };
		FC12F653284EF26D0092BD24 /* practiceTableViewTests.xctest */ = {isa = PBXFileReference; explicitFileType = wrapper.cfbundle; includeInIndex = 0; path = practiceTableViewTests.xctest; sourceTree = BUILT_PRODUCTS_DIR; };
		FC12F657284EF26D0092BD24 /* practiceTableViewTests.swift */ = {isa = PBXFileReference; lastKnownFileType = sourcecode.swift; path = practiceTableViewTests.swift; sourceTree = "<group>"; };
		FC12F65D284EF26D0092BD24 /* practiceTableViewUITests.xctest */ = {isa = PBXFileReference; explicitFileType = wrapper.cfbundle; includeInIndex = 0; path = practiceTableViewUITests.xctest; sourceTree = BUILT_PRODUCTS_DIR; };
		FC12F661284EF26D0092BD24 /* practiceTableViewUITests.swift */ = {isa = PBXFileReference; lastKnownFileType = sourcecode.swift; path = practiceTableViewUITests.swift; sourceTree = "<group>"; };
		FC12F663284EF26D0092BD24 /* practiceTableViewUITestsLaunchTests.swift */ = {isa = PBXFileReference; lastKnownFileType = sourcecode.swift; path = practiceTableViewUITestsLaunchTests.swift; sourceTree = "<group>"; };
		FC12F674284F05EF0092BD24 /* Coin.swift */ = {isa = PBXFileReference; lastKnownFileType = sourcecode.swift; path = Coin.swift; sourceTree = "<group>"; };
		FC12F676284F109F0092BD24 /* CoinTableViewCell.swift */ = {isa = PBXFileReference; lastKnownFileType = sourcecode.swift; path = CoinTableViewCell.swift; sourceTree = "<group>"; };
		FC12F678284F355A0092BD24 /* AddCoinController.swift */ = {isa = PBXFileReference; lastKnownFileType = sourcecode.swift; path = AddCoinController.swift; sourceTree = "<group>"; };
		FC12F67A284F37890092BD24 /* EditCoinController.swift */ = {isa = PBXFileReference; lastKnownFileType = sourcecode.swift; path = EditCoinController.swift; sourceTree = "<group>"; };
		FC12F67C284FCBB00092BD24 /* EditCoinValueController.swift */ = {isa = PBXFileReference; lastKnownFileType = sourcecode.swift; path = EditCoinValueController.swift; sourceTree = "<group>"; };
		FC12F67E284FF82C0092BD24 /* AddCoinTableViewCell.swift */ = {isa = PBXFileReference; lastKnownFileType = sourcecode.swift; path = AddCoinTableViewCell.swift; sourceTree = "<group>"; };
/* End PBXFileReference section */

/* Begin PBXFrameworksBuildPhase section */
		FC12F63A284EF26C0092BD24 /* Frameworks */ = {
			isa = PBXFrameworksBuildPhase;
			buildActionMask = 2147483647;
			files = (
			);
			runOnlyForDeploymentPostprocessing = 0;
		};
		FC12F650284EF26D0092BD24 /* Frameworks */ = {
			isa = PBXFrameworksBuildPhase;
			buildActionMask = 2147483647;
			files = (
			);
			runOnlyForDeploymentPostprocessing = 0;
		};
		FC12F65A284EF26D0092BD24 /* Frameworks */ = {
			isa = PBXFrameworksBuildPhase;
			buildActionMask = 2147483647;
			files = (
			);
			runOnlyForDeploymentPostprocessing = 0;
		};
/* End PBXFrameworksBuildPhase section */

/* Begin PBXGroup section */
		FC12F634284EF26C0092BD24 = {
			isa = PBXGroup;
			children = (
				FC12F63F284EF26C0092BD24 /* practiceTableView */,
				FC12F656284EF26D0092BD24 /* practiceTableViewTests */,
				FC12F660284EF26D0092BD24 /* practiceTableViewUITests */,
				FC12F63E284EF26C0092BD24 /* Products */,
			);
			sourceTree = "<group>";
		};
		FC12F63E284EF26C0092BD24 /* Products */ = {
			isa = PBXGroup;
			children = (
				FC12F63D284EF26C0092BD24 /* practiceTableView.app */,
				FC12F653284EF26D0092BD24 /* practiceTableViewTests.xctest */,
				FC12F65D284EF26D0092BD24 /* practiceTableViewUITests.xctest */,
			);
			name = Products;
			sourceTree = "<group>";
		};
		FC12F63F284EF26C0092BD24 /* practiceTableView */ = {
			isa = PBXGroup;
			children = (
				FC12F640284EF26C0092BD24 /* AppDelegate.swift */,
				FC12F642284EF26C0092BD24 /* SceneDelegate.swift */,
				FC12F644284EF26C0092BD24 /* ViewController.swift */,
				FC12F67A284F37890092BD24 /* EditCoinController.swift */,
				FC12F67C284FCBB00092BD24 /* EditCoinValueController.swift */,
				FC12F678284F355A0092BD24 /* AddCoinController.swift */,
				FC12F674284F05EF0092BD24 /* Coin.swift */,
				FC12F676284F109F0092BD24 /* CoinTableViewCell.swift */,
				FC12F67E284FF82C0092BD24 /* AddCoinTableViewCell.swift */,
				FC12F649284EF26D0092BD24 /* Assets.xcassets */,
				FC12F64B284EF26D0092BD24 /* LaunchScreen.storyboard */,
				FC12F64E284EF26D0092BD24 /* Info.plist */,
			);
			path = practiceTableView;
			sourceTree = "<group>";
		};
		FC12F656284EF26D0092BD24 /* practiceTableViewTests */ = {
			isa = PBXGroup;
			children = (
				FC12F657284EF26D0092BD24 /* practiceTableViewTests.swift */,
			);
			path = practiceTableViewTests;
			sourceTree = "<group>";
		};
		FC12F660284EF26D0092BD24 /* practiceTableViewUITests */ = {
			isa = PBXGroup;
			children = (
				FC12F661284EF26D0092BD24 /* practiceTableViewUITests.swift */,
				FC12F663284EF26D0092BD24 /* practiceTableViewUITestsLaunchTests.swift */,
			);
			path = practiceTableViewUITests;
			sourceTree = "<group>";
		};
/* End PBXGroup section */

/* Begin PBXNativeTarget section */
		FC12F63C284EF26C0092BD24 /* practiceTableView */ = {
			isa = PBXNativeTarget;
			buildConfigurationList = FC12F667284EF26D0092BD24 /* Build configuration list for PBXNativeTarget "practiceTableView" */;
			buildPhases = (
				FC12F639284EF26C0092BD24 /* Sources */,
				FC12F63A284EF26C0092BD24 /* Frameworks */,
				FC12F63B284EF26C0092BD24 /* Resources */,
			);
			buildRules = (
			);
			dependencies = (
			);
			name = practiceTableView;
			productName = practiceTableView;
			productReference = FC12F63D284EF26C0092BD24 /* practiceTableView.app */;
			productType = "com.apple.product-type.application";
		};
		FC12F652284EF26D0092BD24 /* practiceTableViewTests */ = {
			isa = PBXNativeTarget;
			buildConfigurationList = FC12F66A284EF26D0092BD24 /* Build configuration list for PBXNativeTarget "practiceTableViewTests" */;
			buildPhases = (
				FC12F64F284EF26D0092BD24 /* Sources */,
				FC12F650284EF26D0092BD24 /* Frameworks */,
				FC12F651284EF26D0092BD24 /* Resources */,
			);
			buildRules = (
			);
			dependencies = (
				FC12F655284EF26D0092BD24 /* PBXTargetDependency */,
			);
			name = practiceTableViewTests;
			productName = practiceTableViewTests;
			productReference = FC12F653284EF26D0092BD24 /* practiceTableViewTests.xctest */;
			productType = "com.apple.product-type.bundle.unit-test";
		};
		FC12F65C284EF26D0092BD24 /* practiceTableViewUITests */ = {
			isa = PBXNativeTarget;
			buildConfigurationList = FC12F66D284EF26D0092BD24 /* Build configuration list for PBXNativeTarget "practiceTableViewUITests" */;
			buildPhases = (
				FC12F659284EF26D0092BD24 /* Sources */,
				FC12F65A284EF26D0092BD24 /* Frameworks */,
				FC12F65B284EF26D0092BD24 /* Resources */,
			);
			buildRules = (
			);
			dependencies = (
				FC12F65F284EF26D0092BD24 /* PBXTargetDependency */,
			);
			name = practiceTableViewUITests;
			productName = practiceTableViewUITests;
			productReference = FC12F65D284EF26D0092BD24 /* practiceTableViewUITests.xctest */;
			productType = "com.apple.product-type.bundle.ui-testing";
		};
/* End PBXNativeTarget section */

/* Begin PBXProject section */
		FC12F635284EF26C0092BD24 /* Project object */ = {
			isa = PBXProject;
			attributes = {
				BuildIndependentTargetsInParallel = 1;
				LastSwiftUpdateCheck = 1340;
				LastUpgradeCheck = 1340;
				TargetAttributes = {
					FC12F63C284EF26C0092BD24 = {
						CreatedOnToolsVersion = 13.4.1;
					};
					FC12F652284EF26D0092BD24 = {
						CreatedOnToolsVersion = 13.4.1;
						TestTargetID = FC12F63C284EF26C0092BD24;
					};
					FC12F65C284EF26D0092BD24 = {
						CreatedOnToolsVersion = 13.4.1;
						TestTargetID = FC12F63C284EF26C0092BD24;
					};
				};
			};
			buildConfigurationList = FC12F638284EF26C0092BD24 /* Build configuration list for PBXProject "practiceTableView" */;
			compatibilityVersion = "Xcode 13.0";
			developmentRegion = en;
			hasScannedForEncodings = 0;
			knownRegions = (
				en,
				Base,
			);
			mainGroup = FC12F634284EF26C0092BD24;
			productRefGroup = FC12F63E284EF26C0092BD24 /* Products */;
			projectDirPath = "";
			projectRoot = "";
			targets = (
				FC12F63C284EF26C0092BD24 /* practiceTableView */,
				FC12F652284EF26D0092BD24 /* practiceTableViewTests */,
				FC12F65C284EF26D0092BD24 /* practiceTableViewUITests */,
			);
		};
/* End PBXProject section */

/* Begin PBXResourcesBuildPhase section */
		FC12F63B284EF26C0092BD24 /* Resources */ = {
			isa = PBXResourcesBuildPhase;
			buildActionMask = 2147483647;
			files = (
				FC12F64D284EF26D0092BD24 /* LaunchScreen.storyboard in Resources */,
				FC12F64A284EF26D0092BD24 /* Assets.xcassets in Resources */,
			);
			runOnlyForDeploymentPostprocessing = 0;
		};
		FC12F651284EF26D0092BD24 /* Resources */ = {
			isa = PBXResourcesBuildPhase;
			buildActionMask = 2147483647;
			files = (
			);
			runOnlyForDeploymentPostprocessing = 0;
		};
		FC12F65B284EF26D0092BD24 /* Resources */ = {
			isa = PBXResourcesBuildPhase;
			buildActionMask = 2147483647;
			files = (
			);
			runOnlyForDeploymentPostprocessing = 0;
		};
/* End PBXResourcesBuildPhase section */

/* Begin PBXSourcesBuildPhase section */
		FC12F639284EF26C0092BD24 /* Sources */ = {
			isa = PBXSourcesBuildPhase;
			buildActionMask = 2147483647;
			files = (
				FC12F67D284FCBB00092BD24 /* EditCoinValueController.swift in Sources */,
				FC12F675284F05EF0092BD24 /* Coin.swift in Sources */,
				FC12F645284EF26C0092BD24 /* ViewController.swift in Sources */,
				FC12F679284F355A0092BD24 /* AddCoinController.swift in Sources */,
				FC12F67B284F37890092BD24 /* EditCoinController.swift in Sources */,
				FC12F641284EF26C0092BD24 /* AppDelegate.swift in Sources */,
				FC12F643284EF26C0092BD24 /* SceneDelegate.swift in Sources */,
				FC12F67F284FF82C0092BD24 /* AddCoinTableViewCell.swift in Sources */,
				FC12F677284F109F0092BD24 /* CoinTableViewCell.swift in Sources */,
			);
			runOnlyForDeploymentPostprocessing = 0;
		};
		FC12F64F284EF26D0092BD24 /* Sources */ = {
			isa = PBXSourcesBuildPhase;
			buildActionMask = 2147483647;
			files = (
				FC12F658284EF26D0092BD24 /* practiceTableViewTests.swift in Sources */,
			);
			runOnlyForDeploymentPostprocessing = 0;
		};
		FC12F659284EF26D0092BD24 /* Sources */ = {
			isa = PBXSourcesBuildPhase;
			buildActionMask = 2147483647;
			files = (
				FC12F662284EF26D0092BD24 /* practiceTableViewUITests.swift in Sources */,
				FC12F664284EF26D0092BD24 /* practiceTableViewUITestsLaunchTests.swift in Sources */,
			);
			runOnlyForDeploymentPostprocessing = 0;
		};
/* End PBXSourcesBuildPhase section */

/* Begin PBXTargetDependency section */
		FC12F655284EF26D0092BD24 /* PBXTargetDependency */ = {
			isa = PBXTargetDependency;
			target = FC12F63C284EF26C0092BD24 /* practiceTableView */;
			targetProxy = FC12F654284EF26D0092BD24 /* PBXContainerItemProxy */;
		};
		FC12F65F284EF26D0092BD24 /* PBXTargetDependency */ = {
			isa = PBXTargetDependency;
			target = FC12F63C284EF26C0092BD24 /* practiceTableView */;
			targetProxy = FC12F65E284EF26D0092BD24 /* PBXContainerItemProxy */;
		};
/* End PBXTargetDependency section */

/* Begin PBXVariantGroup section */
		FC12F64B284EF26D0092BD24 /* LaunchScreen.storyboard */ = {
			isa = PBXVariantGroup;
			children = (
				FC12F64C284EF26D0092BD24 /* Base */,
			);
			name = LaunchScreen.storyboard;
			sourceTree = "<group>";
		};
/* End PBXVariantGroup section */

/* Begin XCBuildConfiguration section */
		FC12F665284EF26D0092BD24 /* Debug */ = {
			isa = XCBuildConfiguration;
			buildSettings = {
				ALWAYS_SEARCH_USER_PATHS = NO;
				CLANG_ANALYZER_NONNULL = YES;
				CLANG_ANALYZER_NUMBER_OBJECT_CONVERSION = YES_AGGRESSIVE;
				CLANG_CXX_LANGUAGE_STANDARD = "gnu++17";
				CLANG_ENABLE_MODULES = YES;
				CLANG_ENABLE_OBJC_ARC = YES;
				CLANG_ENABLE_OBJC_WEAK = YES;
				CLANG_WARN_BLOCK_CAPTURE_AUTORELEASING = YES;
				CLANG_WARN_BOOL_CONVERSION = YES;
				CLANG_WARN_COMMA = YES;
				CLANG_WARN_CONSTANT_CONVERSION = YES;
				CLANG_WARN_DEPRECATED_OBJC_IMPLEMENTATIONS = YES;
				CLANG_WARN_DIRECT_OBJC_ISA_USAGE = YES_ERROR;
				CLANG_WARN_DOCUMENTATION_COMMENTS = YES;
				CLANG_WARN_EMPTY_BODY = YES;
				CLANG_WARN_ENUM_CONVERSION = YES;
				CLANG_WARN_INFINITE_RECURSION = YES;
				CLANG_WARN_INT_CONVERSION = YES;
				CLANG_WARN_NON_LITERAL_NULL_CONVERSION = YES;
				CLANG_WARN_OBJC_IMPLICIT_RETAIN_SELF = YES;
				CLANG_WARN_OBJC_LITERAL_CONVERSION = YES;
				CLANG_WARN_OBJC_ROOT_CLASS = YES_ERROR;
				CLANG_WARN_QUOTED_INCLUDE_IN_FRAMEWORK_HEADER = YES;
				CLANG_WARN_RANGE_LOOP_ANALYSIS = YES;
				CLANG_WARN_STRICT_PROTOTYPES = YES;
				CLANG_WARN_SUSPICIOUS_MOVE = YES;
				CLANG_WARN_UNGUARDED_AVAILABILITY = YES_AGGRESSIVE;
				CLANG_WARN_UNREACHABLE_CODE = YES;
				CLANG_WARN__DUPLICATE_METHOD_MATCH = YES;
				COPY_PHASE_STRIP = NO;
				DEBUG_INFORMATION_FORMAT = dwarf;
				ENABLE_STRICT_OBJC_MSGSEND = YES;
				ENABLE_TESTABILITY = YES;
				GCC_C_LANGUAGE_STANDARD = gnu11;
				GCC_DYNAMIC_NO_PIC = NO;
				GCC_NO_COMMON_BLOCKS = YES;
				GCC_OPTIMIZATION_LEVEL = 0;
				GCC_PREPROCESSOR_DEFINITIONS = (
					"DEBUG=1",
					"$(inherited)",
				);
				GCC_WARN_64_TO_32_BIT_CONVERSION = YES;
				GCC_WARN_ABOUT_RETURN_TYPE = YES_ERROR;
				GCC_WARN_UNDECLARED_SELECTOR = YES;
				GCC_WARN_UNINITIALIZED_AUTOS = YES_AGGRESSIVE;
				GCC_WARN_UNUSED_FUNCTION = YES;
				GCC_WARN_UNUSED_VARIABLE = YES;
				IPHONEOS_DEPLOYMENT_TARGET = 15.5;
				MTL_ENABLE_DEBUG_INFO = INCLUDE_SOURCE;
				MTL_FAST_MATH = YES;
				ONLY_ACTIVE_ARCH = YES;
				SDKROOT = iphoneos;
				SWIFT_ACTIVE_COMPILATION_CONDITIONS = DEBUG;
				SWIFT_OPTIMIZATION_LEVEL = "-Onone";
			};
			name = Debug;
		};
		FC12F666284EF26D0092BD24 /* Release */ = {
			isa = XCBuildConfiguration;
			buildSettings = {
				ALWAYS_SEARCH_USER_PATHS = NO;
				CLANG_ANALYZER_NONNULL = YES;
				CLANG_ANALYZER_NUMBER_OBJECT_CONVERSION = YES_AGGRESSIVE;
				CLANG_CXX_LANGUAGE_STANDARD = "gnu++17";
				CLANG_ENABLE_MODULES = YES;
				CLANG_ENABLE_OBJC_ARC = YES;
				CLANG_ENABLE_OBJC_WEAK = YES;
				CLANG_WARN_BLOCK_CAPTURE_AUTORELEASING = YES;
				CLANG_WARN_BOOL_CONVERSION = YES;
				CLANG_WARN_COMMA = YES;
				CLANG_WARN_CONSTANT_CONVERSION = YES;
				CLANG_WARN_DEPRECATED_OBJC_IMPLEMENTATIONS = YES;
				CLANG_WARN_DIRECT_OBJC_ISA_USAGE = YES_ERROR;
				CLANG_WARN_DOCUMENTATION_COMMENTS = YES;
				CLANG_WARN_EMPTY_BODY = YES;
				CLANG_WARN_ENUM_CONVERSION = YES;
				CLANG_WARN_INFINITE_RECURSION = YES;
				CLANG_WARN_INT_CONVERSION = YES;
				CLANG_WARN_NON_LITERAL_NULL_CONVERSION = YES;
				CLANG_WARN_OBJC_IMPLICIT_RETAIN_SELF = YES;
				CLANG_WARN_OBJC_LITERAL_CONVERSION = YES;
				CLANG_WARN_OBJC_ROOT_CLASS = YES_ERROR;
				CLANG_WARN_QUOTED_INCLUDE_IN_FRAMEWORK_HEADER = YES;
				CLANG_WARN_RANGE_LOOP_ANALYSIS = YES;
				CLANG_WARN_STRICT_PROTOTYPES = YES;
				CLANG_WARN_SUSPICIOUS_MOVE = YES;
				CLANG_WARN_UNGUARDED_AVAILABILITY = YES_AGGRESSIVE;
				CLANG_WARN_UNREACHABLE_CODE = YES;
				CLANG_WARN__DUPLICATE_METHOD_MATCH = YES;
				COPY_PHASE_STRIP = NO;
				DEBUG_INFORMATION_FORMAT = "dwarf-with-dsym";
				ENABLE_NS_ASSERTIONS = NO;
				ENABLE_STRICT_OBJC_MSGSEND = YES;
				GCC_C_LANGUAGE_STANDARD = gnu11;
				GCC_NO_COMMON_BLOCKS = YES;
				GCC_WARN_64_TO_32_BIT_CONVERSION = YES;
				GCC_WARN_ABOUT_RETURN_TYPE = YES_ERROR;
				GCC_WARN_UNDECLARED_SELECTOR = YES;
				GCC_WARN_UNINITIALIZED_AUTOS = YES_AGGRESSIVE;
				GCC_WARN_UNUSED_FUNCTION = YES;
				GCC_WARN_UNUSED_VARIABLE = YES;
				IPHONEOS_DEPLOYMENT_TARGET = 15.5;
				MTL_ENABLE_DEBUG_INFO = NO;
				MTL_FAST_MATH = YES;
				SDKROOT = iphoneos;
				SWIFT_COMPILATION_MODE = wholemodule;
				SWIFT_OPTIMIZATION_LEVEL = "-O";
				VALIDATE_PRODUCT = YES;
			};
			name = Release;
		};
		FC12F668284EF26D0092BD24 /* Debug */ = {
			isa = XCBuildConfiguration;
			buildSettings = {
				ASSETCATALOG_COMPILER_APPICON_NAME = AppIcon;
				ASSETCATALOG_COMPILER_GLOBAL_ACCENT_COLOR_NAME = AccentColor;
				CODE_SIGN_STYLE = Automatic;
				CURRENT_PROJECT_VERSION = 1;
				GENERATE_INFOPLIST_FILE = YES;
				INFOPLIST_FILE = practiceTableView/Info.plist;
				INFOPLIST_KEY_UIApplicationSupportsIndirectInputEvents = YES;
				INFOPLIST_KEY_UILaunchStoryboardName = LaunchScreen;
				INFOPLIST_KEY_UISupportedInterfaceOrientations_iPad = "UIInterfaceOrientationPortrait UIInterfaceOrientationPortraitUpsideDown UIInterfaceOrientationLandscapeLeft UIInterfaceOrientationLandscapeRight";
				INFOPLIST_KEY_UISupportedInterfaceOrientations_iPhone = "UIInterfaceOrientationPortrait UIInterfaceOrientationLandscapeLeft UIInterfaceOrientationLandscapeRight";
				LD_RUNPATH_SEARCH_PATHS = (
					"$(inherited)",
					"@executable_path/Frameworks",
				);
				MARKETING_VERSION = 1.0;
				PRODUCT_BUNDLE_IDENTIFIER = idek.practiceTableView;
				PRODUCT_NAME = "$(TARGET_NAME)";
				SWIFT_EMIT_LOC_STRINGS = YES;
				SWIFT_VERSION = 5.0;
				TARGETED_DEVICE_FAMILY = "1,2";
			};
			name = Debug;
		};
		FC12F669284EF26D0092BD24 /* Release */ = {
			isa = XCBuildConfiguration;
			buildSettings = {
				ASSETCATALOG_COMPILER_APPICON_NAME = AppIcon;
				ASSETCATALOG_COMPILER_GLOBAL_ACCENT_COLOR_NAME = AccentColor;
				CODE_SIGN_STYLE = Automatic;
				CURRENT_PROJECT_VERSION = 1;
				GENERATE_INFOPLIST_FILE = YES;
				INFOPLIST_FILE = practiceTableView/Info.plist;
				INFOPLIST_KEY_UIApplicationSupportsIndirectInputEvents = YES;
				INFOPLIST_KEY_UILaunchStoryboardName = LaunchScreen;
				INFOPLIST_KEY_UISupportedInterfaceOrientations_iPad = "UIInterfaceOrientationPortrait UIInterfaceOrientationPortraitUpsideDown UIInterfaceOrientationLandscapeLeft UIInterfaceOrientationLandscapeRight";
				INFOPLIST_KEY_UISupportedInterfaceOrientations_iPhone = "UIInterfaceOrientationPortrait UIInterfaceOrientationLandscapeLeft UIInterfaceOrientationLandscapeRight";
				LD_RUNPATH_SEARCH_PATHS = (
					"$(inherited)",
					"@executable_path/Frameworks",
				);
				MARKETING_VERSION = 1.0;
				PRODUCT_BUNDLE_IDENTIFIER = idek.practiceTableView;
				PRODUCT_NAME = "$(TARGET_NAME)";
				SWIFT_EMIT_LOC_STRINGS = YES;
				SWIFT_VERSION = 5.0;
				TARGETED_DEVICE_FAMILY = "1,2";
			};
			name = Release;
		};
		FC12F66B284EF26D0092BD24 /* Debug */ = {
			isa = XCBuildConfiguration;
			buildSettings = {
				ALWAYS_EMBED_SWIFT_STANDARD_LIBRARIES = YES;
				BUNDLE_LOADER = "$(TEST_HOST)";
				CODE_SIGN_STYLE = Automatic;
				CURRENT_PROJECT_VERSION = 1;
				GENERATE_INFOPLIST_FILE = YES;
				IPHONEOS_DEPLOYMENT_TARGET = 15.5;
				MARKETING_VERSION = 1.0;
				PRODUCT_BUNDLE_IDENTIFIER = idek.practiceTableViewTests;
				PRODUCT_NAME = "$(TARGET_NAME)";
				SWIFT_EMIT_LOC_STRINGS = NO;
				SWIFT_VERSION = 5.0;
				TARGETED_DEVICE_FAMILY = "1,2";
				TEST_HOST = "$(BUILT_PRODUCTS_DIR)/practiceTableView.app/practiceTableView";
			};
			name = Debug;
		};
		FC12F66C284EF26D0092BD24 /* Release */ = {
			isa = XCBuildConfiguration;
			buildSettings = {
				ALWAYS_EMBED_SWIFT_STANDARD_LIBRARIES = YES;
				BUNDLE_LOADER = "$(TEST_HOST)";
				CODE_SIGN_STYLE = Automatic;
				CURRENT_PROJECT_VERSION = 1;
				GENERATE_INFOPLIST_FILE = YES;
				IPHONEOS_DEPLOYMENT_TARGET = 15.5;
				MARKETING_VERSION = 1.0;
				PRODUCT_BUNDLE_IDENTIFIER = idek.practiceTableViewTests;
				PRODUCT_NAME = "$(TARGET_NAME)";
				SWIFT_EMIT_LOC_STRINGS = NO;
				SWIFT_VERSION = 5.0;
				TARGETED_DEVICE_FAMILY = "1,2";
				TEST_HOST = "$(BUILT_PRODUCTS_DIR)/practiceTableView.app/practiceTableView";
			};
			name = Release;
		};
		FC12F66E284EF26D0092BD24 /* Debug */ = {
			isa = XCBuildConfiguration;
			buildSettings = {
				ALWAYS_EMBED_SWIFT_STANDARD_LIBRARIES = YES;
				CODE_SIGN_STYLE = Automatic;
				CURRENT_PROJECT_VERSION = 1;
				GENERATE_INFOPLIST_FILE = YES;
				MARKETING_VERSION = 1.0;
				PRODUCT_BUNDLE_IDENTIFIER = idek.practiceTableViewUITests;
				PRODUCT_NAME = "$(TARGET_NAME)";
				SWIFT_EMIT_LOC_STRINGS = NO;
				SWIFT_VERSION = 5.0;
				TARGETED_DEVICE_FAMILY = "1,2";
				TEST_TARGET_NAME = practiceTableView;
			};
			name = Debug;
		};
		FC12F66F284EF26D0092BD24 /* Release */ = {
			isa = XCBuildConfiguration;
			buildSettings = {
				ALWAYS_EMBED_SWIFT_STANDARD_LIBRARIES = YES;
				CODE_SIGN_STYLE = Automatic;
				CURRENT_PROJECT_VERSION = 1;
				GENERATE_INFOPLIST_FILE = YES;
				MARKETING_VERSION = 1.0;
				PRODUCT_BUNDLE_IDENTIFIER = idek.practiceTableViewUITests;
				PRODUCT_NAME = "$(TARGET_NAME)";
				SWIFT_EMIT_LOC_STRINGS = NO;
				SWIFT_VERSION = 5.0;
				TARGETED_DEVICE_FAMILY = "1,2";
				TEST_TARGET_NAME = practiceTableView;
			};
			name = Release;
		};
/* End XCBuildConfiguration section */

/* Begin XCConfigurationList section */
		FC12F638284EF26C0092BD24 /* Build configuration list for PBXProject "practiceTableView" */ = {
			isa = XCConfigurationList;
			buildConfigurations = (
				FC12F665284EF26D0092BD24 /* Debug */,
				FC12F666284EF26D0092BD24 /* Release */,
			);
			defaultConfigurationIsVisible = 0;
			defaultConfigurationName = Release;
		};
		FC12F667284EF26D0092BD24 /* Build configuration list for PBXNativeTarget "practiceTableView" */ = {
			isa = XCConfigurationList;
			buildConfigurations = (
				FC12F668284EF26D0092BD24 /* Debug */,
				FC12F669284EF26D0092BD24 /* Release */,
			);
			defaultConfigurationIsVisible = 0;
			defaultConfigurationName = Release;
		};
		FC12F66A284EF26D0092BD24 /* Build configuration list for PBXNativeTarget "practiceTableViewTests" */ = {
			isa = XCConfigurationList;
			buildConfigurations = (
				FC12F66B284EF26D0092BD24 /* Debug */,
				FC12F66C284EF26D0092BD24 /* Release */,
			);
			defaultConfigurationIsVisible = 0;
			defaultConfigurationName = Release;
		};
		FC12F66D284EF26D0092BD24 /* Build configuration list for PBXNativeTarget "practiceTableViewUITests" */ = {
			isa = XCConfigurationList;
			buildConfigurations = (
				FC12F66E284EF26D0092BD24 /* Debug */,
				FC12F66F284EF26D0092BD24 /* Release */,
			);
			defaultConfigurationIsVisible = 0;
			defaultConfigurationName = Release;
		};
/* End XCConfigurationList section */
	};
	rootObject = FC12F635284EF26C0092BD24 /* Project object */;
}
