// !$*UTF8*$!
{
	archiveVersion = 1;
	classes = {
	};
	objectVersion = 55;
	objects = {

/* Begin PBXBuildFile section */
		FCF9519B284DFC7D00C01EB1 /* AppDelegate.swift in Sources */ = {isa = PBXBuildFile; fileRef = FCF9519A284DFC7D00C01EB1 /* AppDelegate.swift */; };
		FCF9519D284DFC7D00C01EB1 /* SceneDelegate.swift in Sources */ = {isa = PBXBuildFile; fileRef = FCF9519C284DFC7D00C01EB1 /* SceneDelegate.swift */; };
		FCF9519F284DFC7D00C01EB1 /* ViewController.swift in Sources */ = {isa = PBXBuildFile; fileRef = FCF9519E284DFC7D00C01EB1 /* ViewController.swift */; };
		FCF951A4284DFC7D00C01EB1 /* Assets.xcassets in Resources */ = {isa = PBXBuildFile; fileRef = FCF951A3284DFC7D00C01EB1 /* Assets.xcassets */; };
		FCF951A7284DFC7D00C01EB1 /* LaunchScreen.storyboard in Resources */ = {isa = PBXBuildFile; fileRef = FCF951A5284DFC7D00C01EB1 /* LaunchScreen.storyboard */; };
		FCF951B2284DFC7D00C01EB1 /* ExampleP2Tests.swift in Sources */ = {isa = PBXBuildFile; fileRef = FCF951B1284DFC7D00C01EB1 /* ExampleP2Tests.swift */; };
		FCF951BC284DFC7D00C01EB1 /* ExampleP2UITests.swift in Sources */ = {isa = PBXBuildFile; fileRef = FCF951BB284DFC7D00C01EB1 /* ExampleP2UITests.swift */; };
		FCF951BE284DFC7D00C01EB1 /* ExampleP2UITestsLaunchTests.swift in Sources */ = {isa = PBXBuildFile; fileRef = FCF951BD284DFC7D00C01EB1 /* ExampleP2UITestsLaunchTests.swift */; };
/* End PBXBuildFile section */

/* Begin PBXContainerItemProxy section */
		FCF951AE284DFC7D00C01EB1 /* PBXContainerItemProxy */ = {
			isa = PBXContainerItemProxy;
			containerPortal = FCF9518F284DFC7D00C01EB1 /* Project object */;
			proxyType = 1;
			remoteGlobalIDString = FCF95196284DFC7D00C01EB1;
			remoteInfo = ExampleP2;
		};
		FCF951B8284DFC7D00C01EB1 /* PBXContainerItemProxy */ = {
			isa = PBXContainerItemProxy;
			containerPortal = FCF9518F284DFC7D00C01EB1 /* Project object */;
			proxyType = 1;
			remoteGlobalIDString = FCF95196284DFC7D00C01EB1;
			remoteInfo = ExampleP2;
		};
/* End PBXContainerItemProxy section */

/* Begin PBXFileReference section */
		FCF95197284DFC7D00C01EB1 /* ExampleP2.app */ = {isa = PBXFileReference; explicitFileType = wrapper.application; includeInIndex = 0; path = ExampleP2.app; sourceTree = BUILT_PRODUCTS_DIR; };
		FCF9519A284DFC7D00C01EB1 /* AppDelegate.swift */ = {isa = PBXFileReference; lastKnownFileType = sourcecode.swift; path = AppDelegate.swift; sourceTree = "<group>"; };
		FCF9519C284DFC7D00C01EB1 /* SceneDelegate.swift */ = {isa = PBXFileReference; lastKnownFileType = sourcecode.swift; path = SceneDelegate.swift; sourceTree = "<group>"; };
		FCF9519E284DFC7D00C01EB1 /* ViewController.swift */ = {isa = PBXFileReference; lastKnownFileType = sourcecode.swift; path = ViewController.swift; sourceTree = "<group>"; };
		FCF951A3284DFC7D00C01EB1 /* Assets.xcassets */ = {isa = PBXFileReference; lastKnownFileType = folder.assetcatalog; path = Assets.xcassets; sourceTree = "<group>"; };
		FCF951A6284DFC7D00C01EB1 /* Base */ = {isa = PBXFileReference; lastKnownFileType = file.storyboard; name = Base; path = Base.lproj/LaunchScreen.storyboard; sourceTree = "<group>"; };
		FCF951A8284DFC7D00C01EB1 /* Info.plist */ = {isa = PBXFileReference; lastKnownFileType = text.plist.xml; path = Info.plist; sourceTree = "<group>"; };
		FCF951AD284DFC7D00C01EB1 /* ExampleP2Tests.xctest */ = {isa = PBXFileReference; explicitFileType = wrapper.cfbundle; includeInIndex = 0; path = ExampleP2Tests.xctest; sourceTree = BUILT_PRODUCTS_DIR; };
		FCF951B1284DFC7D00C01EB1 /* ExampleP2Tests.swift */ = {isa = PBXFileReference; lastKnownFileType = sourcecode.swift; path = ExampleP2Tests.swift; sourceTree = "<group>"; };
		FCF951B7284DFC7D00C01EB1 /* ExampleP2UITests.xctest */ = {isa = PBXFileReference; explicitFileType = wrapper.cfbundle; includeInIndex = 0; path = ExampleP2UITests.xctest; sourceTree = BUILT_PRODUCTS_DIR; };
		FCF951BB284DFC7D00C01EB1 /* ExampleP2UITests.swift */ = {isa = PBXFileReference; lastKnownFileType = sourcecode.swift; path = ExampleP2UITests.swift; sourceTree = "<group>"; };
		FCF951BD284DFC7D00C01EB1 /* ExampleP2UITestsLaunchTests.swift */ = {isa = PBXFileReference; lastKnownFileType = sourcecode.swift; path = ExampleP2UITestsLaunchTests.swift; sourceTree = "<group>"; };
/* End PBXFileReference section */

/* Begin PBXFrameworksBuildPhase section */
		FCF95194284DFC7D00C01EB1 /* Frameworks */ = {
			isa = PBXFrameworksBuildPhase;
			buildActionMask = 2147483647;
			files = (
			);
			runOnlyForDeploymentPostprocessing = 0;
		};
		FCF951AA284DFC7D00C01EB1 /* Frameworks */ = {
			isa = PBXFrameworksBuildPhase;
			buildActionMask = 2147483647;
			files = (
			);
			runOnlyForDeploymentPostprocessing = 0;
		};
		FCF951B4284DFC7D00C01EB1 /* Frameworks */ = {
			isa = PBXFrameworksBuildPhase;
			buildActionMask = 2147483647;
			files = (
			);
			runOnlyForDeploymentPostprocessing = 0;
		};
/* End PBXFrameworksBuildPhase section */

/* Begin PBXGroup section */
		FCF9518E284DFC7D00C01EB1 = {
			isa = PBXGroup;
			children = (
				FCF95199284DFC7D00C01EB1 /* ExampleP2 */,
				FCF951B0284DFC7D00C01EB1 /* ExampleP2Tests */,
				FCF951BA284DFC7D00C01EB1 /* ExampleP2UITests */,
				FCF95198284DFC7D00C01EB1 /* Products */,
			);
			sourceTree = "<group>";
		};
		FCF95198284DFC7D00C01EB1 /* Products */ = {
			isa = PBXGroup;
			children = (
				FCF95197284DFC7D00C01EB1 /* ExampleP2.app */,
				FCF951AD284DFC7D00C01EB1 /* ExampleP2Tests.xctest */,
				FCF951B7284DFC7D00C01EB1 /* ExampleP2UITests.xctest */,
			);
			name = Products;
			sourceTree = "<group>";
		};
		FCF95199284DFC7D00C01EB1 /* ExampleP2 */ = {
			isa = PBXGroup;
			children = (
				FCF9519A284DFC7D00C01EB1 /* AppDelegate.swift */,
				FCF9519C284DFC7D00C01EB1 /* SceneDelegate.swift */,
				FCF9519E284DFC7D00C01EB1 /* ViewController.swift */,
				FCF951A3284DFC7D00C01EB1 /* Assets.xcassets */,
				FCF951A5284DFC7D00C01EB1 /* LaunchScreen.storyboard */,
				FCF951A8284DFC7D00C01EB1 /* Info.plist */,
			);
			path = ExampleP2;
			sourceTree = "<group>";
		};
		FCF951B0284DFC7D00C01EB1 /* ExampleP2Tests */ = {
			isa = PBXGroup;
			children = (
				FCF951B1284DFC7D00C01EB1 /* ExampleP2Tests.swift */,
			);
			path = ExampleP2Tests;
			sourceTree = "<group>";
		};
		FCF951BA284DFC7D00C01EB1 /* ExampleP2UITests */ = {
			isa = PBXGroup;
			children = (
				FCF951BB284DFC7D00C01EB1 /* ExampleP2UITests.swift */,
				FCF951BD284DFC7D00C01EB1 /* ExampleP2UITestsLaunchTests.swift */,
			);
			path = ExampleP2UITests;
			sourceTree = "<group>";
		};
/* End PBXGroup section */

/* Begin PBXNativeTarget section */
		FCF95196284DFC7D00C01EB1 /* ExampleP2 */ = {
			isa = PBXNativeTarget;
			buildConfigurationList = FCF951C1284DFC7D00C01EB1 /* Build configuration list for PBXNativeTarget "ExampleP2" */;
			buildPhases = (
				FCF95193284DFC7D00C01EB1 /* Sources */,
				FCF95194284DFC7D00C01EB1 /* Frameworks */,
				FCF95195284DFC7D00C01EB1 /* Resources */,
			);
			buildRules = (
			);
			dependencies = (
			);
			name = ExampleP2;
			productName = ExampleP2;
			productReference = FCF95197284DFC7D00C01EB1 /* ExampleP2.app */;
			productType = "com.apple.product-type.application";
		};
		FCF951AC284DFC7D00C01EB1 /* ExampleP2Tests */ = {
			isa = PBXNativeTarget;
			buildConfigurationList = FCF951C4284DFC7D00C01EB1 /* Build configuration list for PBXNativeTarget "ExampleP2Tests" */;
			buildPhases = (
				FCF951A9284DFC7D00C01EB1 /* Sources */,
				FCF951AA284DFC7D00C01EB1 /* Frameworks */,
				FCF951AB284DFC7D00C01EB1 /* Resources */,
			);
			buildRules = (
			);
			dependencies = (
				FCF951AF284DFC7D00C01EB1 /* PBXTargetDependency */,
			);
			name = ExampleP2Tests;
			productName = ExampleP2Tests;
			productReference = FCF951AD284DFC7D00C01EB1 /* ExampleP2Tests.xctest */;
			productType = "com.apple.product-type.bundle.unit-test";
		};
		FCF951B6284DFC7D00C01EB1 /* ExampleP2UITests */ = {
			isa = PBXNativeTarget;
			buildConfigurationList = FCF951C7284DFC7D00C01EB1 /* Build configuration list for PBXNativeTarget "ExampleP2UITests" */;
			buildPhases = (
				FCF951B3284DFC7D00C01EB1 /* Sources */,
				FCF951B4284DFC7D00C01EB1 /* Frameworks */,
				FCF951B5284DFC7D00C01EB1 /* Resources */,
			);
			buildRules = (
			);
			dependencies = (
				FCF951B9284DFC7D00C01EB1 /* PBXTargetDependency */,
			);
			name = ExampleP2UITests;
			productName = ExampleP2UITests;
			productReference = FCF951B7284DFC7D00C01EB1 /* ExampleP2UITests.xctest */;
			productType = "com.apple.product-type.bundle.ui-testing";
		};
/* End PBXNativeTarget section */

/* Begin PBXProject section */
		FCF9518F284DFC7D00C01EB1 /* Project object */ = {
			isa = PBXProject;
			attributes = {
				BuildIndependentTargetsInParallel = 1;
				LastSwiftUpdateCheck = 1340;
				LastUpgradeCheck = 1340;
				TargetAttributes = {
					FCF95196284DFC7D00C01EB1 = {
						CreatedOnToolsVersion = 13.4.1;
					};
					FCF951AC284DFC7D00C01EB1 = {
						CreatedOnToolsVersion = 13.4.1;
						TestTargetID = FCF95196284DFC7D00C01EB1;
					};
					FCF951B6284DFC7D00C01EB1 = {
						CreatedOnToolsVersion = 13.4.1;
						TestTargetID = FCF95196284DFC7D00C01EB1;
					};
				};
			};
			buildConfigurationList = FCF95192284DFC7D00C01EB1 /* Build configuration list for PBXProject "ExampleP2" */;
			compatibilityVersion = "Xcode 13.0";
			developmentRegion = en;
			hasScannedForEncodings = 0;
			knownRegions = (
				en,
				Base,
			);
			mainGroup = FCF9518E284DFC7D00C01EB1;
			productRefGroup = FCF95198284DFC7D00C01EB1 /* Products */;
			projectDirPath = "";
			projectRoot = "";
			targets = (
				FCF95196284DFC7D00C01EB1 /* ExampleP2 */,
				FCF951AC284DFC7D00C01EB1 /* ExampleP2Tests */,
				FCF951B6284DFC7D00C01EB1 /* ExampleP2UITests */,
			);
		};
/* End PBXProject section */

/* Begin PBXResourcesBuildPhase section */
		FCF95195284DFC7D00C01EB1 /* Resources */ = {
			isa = PBXResourcesBuildPhase;
			buildActionMask = 2147483647;
			files = (
				FCF951A7284DFC7D00C01EB1 /* LaunchScreen.storyboard in Resources */,
				FCF951A4284DFC7D00C01EB1 /* Assets.xcassets in Resources */,
			);
			runOnlyForDeploymentPostprocessing = 0;
		};
		FCF951AB284DFC7D00C01EB1 /* Resources */ = {
			isa = PBXResourcesBuildPhase;
			buildActionMask = 2147483647;
			files = (
			);
			runOnlyForDeploymentPostprocessing = 0;
		};
		FCF951B5284DFC7D00C01EB1 /* Resources */ = {
			isa = PBXResourcesBuildPhase;
			buildActionMask = 2147483647;
			files = (
			);
			runOnlyForDeploymentPostprocessing = 0;
		};
/* End PBXResourcesBuildPhase section */

/* Begin PBXSourcesBuildPhase section */
		FCF95193284DFC7D00C01EB1 /* Sources */ = {
			isa = PBXSourcesBuildPhase;
			buildActionMask = 2147483647;
			files = (
				FCF9519F284DFC7D00C01EB1 /* ViewController.swift in Sources */,
				FCF9519B284DFC7D00C01EB1 /* AppDelegate.swift in Sources */,
				FCF9519D284DFC7D00C01EB1 /* SceneDelegate.swift in Sources */,
			);
			runOnlyForDeploymentPostprocessing = 0;
		};
		FCF951A9284DFC7D00C01EB1 /* Sources */ = {
			isa = PBXSourcesBuildPhase;
			buildActionMask = 2147483647;
			files = (
				FCF951B2284DFC7D00C01EB1 /* ExampleP2Tests.swift in Sources */,
			);
			runOnlyForDeploymentPostprocessing = 0;
		};
		FCF951B3284DFC7D00C01EB1 /* Sources */ = {
			isa = PBXSourcesBuildPhase;
			buildActionMask = 2147483647;
			files = (
				FCF951BC284DFC7D00C01EB1 /* ExampleP2UITests.swift in Sources */,
				FCF951BE284DFC7D00C01EB1 /* ExampleP2UITestsLaunchTests.swift in Sources */,
			);
			runOnlyForDeploymentPostprocessing = 0;
		};
/* End PBXSourcesBuildPhase section */

/* Begin PBXTargetDependency section */
		FCF951AF284DFC7D00C01EB1 /* PBXTargetDependency */ = {
			isa = PBXTargetDependency;
			target = FCF95196284DFC7D00C01EB1 /* ExampleP2 */;
			targetProxy = FCF951AE284DFC7D00C01EB1 /* PBXContainerItemProxy */;
		};
		FCF951B9284DFC7D00C01EB1 /* PBXTargetDependency */ = {
			isa = PBXTargetDependency;
			target = FCF95196284DFC7D00C01EB1 /* ExampleP2 */;
			targetProxy = FCF951B8284DFC7D00C01EB1 /* PBXContainerItemProxy */;
		};
/* End PBXTargetDependency section */

/* Begin PBXVariantGroup section */
		FCF951A5284DFC7D00C01EB1 /* LaunchScreen.storyboard */ = {
			isa = PBXVariantGroup;
			children = (
				FCF951A6284DFC7D00C01EB1 /* Base */,
			);
			name = LaunchScreen.storyboard;
			sourceTree = "<group>";
		};
/* End PBXVariantGroup section */

/* Begin XCBuildConfiguration section */
		FCF951BF284DFC7D00C01EB1 /* Debug */ = {
			isa = XCBuildConfiguration;
			buildSettings = {
				ALWAYS_SEARCH_USER_PATHS = NO;
				CLANG_ANALYZER_NONNULL = YES;
				CLANG_ANALYZER_NUMBER_OBJECT_CONVERSION = YES_AGGRESSIVE;
				CLANG_CXX_LANGUAGE_STANDARD = "gnu++17";
				CLANG_ENABLE_MODULES = YES;
				CLANG_ENABLE_OBJC_ARC = YES;
				CLANG_ENABLE_OBJC_WEAK = YES;
				CLANG_WARN_BLOCK_CAPTURE_AUTORELEASING = YES;
				CLANG_WARN_BOOL_CONVERSION = YES;
				CLANG_WARN_COMMA = YES;
				CLANG_WARN_CONSTANT_CONVERSION = YES;
				CLANG_WARN_DEPRECATED_OBJC_IMPLEMENTATIONS = YES;
				CLANG_WARN_DIRECT_OBJC_ISA_USAGE = YES_ERROR;
				CLANG_WARN_DOCUMENTATION_COMMENTS = YES;
				CLANG_WARN_EMPTY_BODY = YES;
				CLANG_WARN_ENUM_CONVERSION = YES;
				CLANG_WARN_INFINITE_RECURSION = YES;
				CLANG_WARN_INT_CONVERSION = YES;
				CLANG_WARN_NON_LITERAL_NULL_CONVERSION = YES;
				CLANG_WARN_OBJC_IMPLICIT_RETAIN_SELF = YES;
				CLANG_WARN_OBJC_LITERAL_CONVERSION = YES;
				CLANG_WARN_OBJC_ROOT_CLASS = YES_ERROR;
				CLANG_WARN_QUOTED_INCLUDE_IN_FRAMEWORK_HEADER = YES;
				CLANG_WARN_RANGE_LOOP_ANALYSIS = YES;
				CLANG_WARN_STRICT_PROTOTYPES = YES;
				CLANG_WARN_SUSPICIOUS_MOVE = YES;
				CLANG_WARN_UNGUARDED_AVAILABILITY = YES_AGGRESSIVE;
				CLANG_WARN_UNREACHABLE_CODE = YES;
				CLANG_WARN__DUPLICATE_METHOD_MATCH = YES;
				COPY_PHASE_STRIP = NO;
				DEBUG_INFORMATION_FORMAT = dwarf;
				ENABLE_STRICT_OBJC_MSGSEND = YES;
				ENABLE_TESTABILITY = YES;
				GCC_C_LANGUAGE_STANDARD = gnu11;
				GCC_DYNAMIC_NO_PIC = NO;
				GCC_NO_COMMON_BLOCKS = YES;
				GCC_OPTIMIZATION_LEVEL = 0;
				GCC_PREPROCESSOR_DEFINITIONS = (
					"DEBUG=1",
					"$(inherited)",
				);
				GCC_WARN_64_TO_32_BIT_CONVERSION = YES;
				GCC_WARN_ABOUT_RETURN_TYPE = YES_ERROR;
				GCC_WARN_UNDECLARED_SELECTOR = YES;
				GCC_WARN_UNINITIALIZED_AUTOS = YES_AGGRESSIVE;
				GCC_WARN_UNUSED_FUNCTION = YES;
				GCC_WARN_UNUSED_VARIABLE = YES;
				IPHONEOS_DEPLOYMENT_TARGET = 15.5;
				MTL_ENABLE_DEBUG_INFO = INCLUDE_SOURCE;
				MTL_FAST_MATH = YES;
				ONLY_ACTIVE_ARCH = YES;
				SDKROOT = iphoneos;
				SWIFT_ACTIVE_COMPILATION_CONDITIONS = DEBUG;
				SWIFT_OPTIMIZATION_LEVEL = "-Onone";
			};
			name = Debug;
		};
		FCF951C0284DFC7D00C01EB1 /* Release */ = {
			isa = XCBuildConfiguration;
			buildSettings = {
				ALWAYS_SEARCH_USER_PATHS = NO;
				CLANG_ANALYZER_NONNULL = YES;
				CLANG_ANALYZER_NUMBER_OBJECT_CONVERSION = YES_AGGRESSIVE;
				CLANG_CXX_LANGUAGE_STANDARD = "gnu++17";
				CLANG_ENABLE_MODULES = YES;
				CLANG_ENABLE_OBJC_ARC = YES;
				CLANG_ENABLE_OBJC_WEAK = YES;
				CLANG_WARN_BLOCK_CAPTURE_AUTORELEASING = YES;
				CLANG_WARN_BOOL_CONVERSION = YES;
				CLANG_WARN_COMMA = YES;
				CLANG_WARN_CONSTANT_CONVERSION = YES;
				CLANG_WARN_DEPRECATED_OBJC_IMPLEMENTATIONS = YES;
				CLANG_WARN_DIRECT_OBJC_ISA_USAGE = YES_ERROR;
				CLANG_WARN_DOCUMENTATION_COMMENTS = YES;
				CLANG_WARN_EMPTY_BODY = YES;
				CLANG_WARN_ENUM_CONVERSION = YES;
				CLANG_WARN_INFINITE_RECURSION = YES;
				CLANG_WARN_INT_CONVERSION = YES;
				CLANG_WARN_NON_LITERAL_NULL_CONVERSION = YES;
				CLANG_WARN_OBJC_IMPLICIT_RETAIN_SELF = YES;
				CLANG_WARN_OBJC_LITERAL_CONVERSION = YES;
				CLANG_WARN_OBJC_ROOT_CLASS = YES_ERROR;
				CLANG_WARN_QUOTED_INCLUDE_IN_FRAMEWORK_HEADER = YES;
				CLANG_WARN_RANGE_LOOP_ANALYSIS = YES;
				CLANG_WARN_STRICT_PROTOTYPES = YES;
				CLANG_WARN_SUSPICIOUS_MOVE = YES;
				CLANG_WARN_UNGUARDED_AVAILABILITY = YES_AGGRESSIVE;
				CLANG_WARN_UNREACHABLE_CODE = YES;
				CLANG_WARN__DUPLICATE_METHOD_MATCH = YES;
				COPY_PHASE_STRIP = NO;
				DEBUG_INFORMATION_FORMAT = "dwarf-with-dsym";
				ENABLE_NS_ASSERTIONS = NO;
				ENABLE_STRICT_OBJC_MSGSEND = YES;
				GCC_C_LANGUAGE_STANDARD = gnu11;
				GCC_NO_COMMON_BLOCKS = YES;
				GCC_WARN_64_TO_32_BIT_CONVERSION = YES;
				GCC_WARN_ABOUT_RETURN_TYPE = YES_ERROR;
				GCC_WARN_UNDECLARED_SELECTOR = YES;
				GCC_WARN_UNINITIALIZED_AUTOS = YES_AGGRESSIVE;
				GCC_WARN_UNUSED_FUNCTION = YES;
				GCC_WARN_UNUSED_VARIABLE = YES;
				IPHONEOS_DEPLOYMENT_TARGET = 15.5;
				MTL_ENABLE_DEBUG_INFO = NO;
				MTL_FAST_MATH = YES;
				SDKROOT = iphoneos;
				SWIFT_COMPILATION_MODE = wholemodule;
				SWIFT_OPTIMIZATION_LEVEL = "-O";
				VALIDATE_PRODUCT = YES;
			};
			name = Release;
		};
		FCF951C2284DFC7D00C01EB1 /* Debug */ = {
			isa = XCBuildConfiguration;
			buildSettings = {
				ASSETCATALOG_COMPILER_APPICON_NAME = AppIcon;
				ASSETCATALOG_COMPILER_GLOBAL_ACCENT_COLOR_NAME = AccentColor;
				CODE_SIGN_STYLE = Automatic;
				CURRENT_PROJECT_VERSION = 1;
				GENERATE_INFOPLIST_FILE = YES;
				INFOPLIST_FILE = ExampleP2/Info.plist;
				INFOPLIST_KEY_UIApplicationSupportsIndirectInputEvents = YES;
				INFOPLIST_KEY_UILaunchStoryboardName = LaunchScreen;
				INFOPLIST_KEY_UISupportedInterfaceOrientations_iPad = "UIInterfaceOrientationPortrait UIInterfaceOrientationPortraitUpsideDown UIInterfaceOrientationLandscapeLeft UIInterfaceOrientationLandscapeRight";
				INFOPLIST_KEY_UISupportedInterfaceOrientations_iPhone = "UIInterfaceOrientationPortrait UIInterfaceOrientationLandscapeLeft UIInterfaceOrientationLandscapeRight";
				LD_RUNPATH_SEARCH_PATHS = (
					"$(inherited)",
					"@executable_path/Frameworks",
				);
				MARKETING_VERSION = 1.0;
				PRODUCT_BUNDLE_IDENTIFIER = idek.ExampleP2;
				PRODUCT_NAME = "$(TARGET_NAME)";
				SWIFT_EMIT_LOC_STRINGS = YES;
				SWIFT_VERSION = 5.0;
				TARGETED_DEVICE_FAMILY = "1,2";
			};
			name = Debug;
		};
		FCF951C3284DFC7D00C01EB1 /* Release */ = {
			isa = XCBuildConfiguration;
			buildSettings = {
				ASSETCATALOG_COMPILER_APPICON_NAME = AppIcon;
				ASSETCATALOG_COMPILER_GLOBAL_ACCENT_COLOR_NAME = AccentColor;
				CODE_SIGN_STYLE = Automatic;
				CURRENT_PROJECT_VERSION = 1;
				GENERATE_INFOPLIST_FILE = YES;
				INFOPLIST_FILE = ExampleP2/Info.plist;
				INFOPLIST_KEY_UIApplicationSupportsIndirectInputEvents = YES;
				INFOPLIST_KEY_UILaunchStoryboardName = LaunchScreen;
				INFOPLIST_KEY_UISupportedInterfaceOrientations_iPad = "UIInterfaceOrientationPortrait UIInterfaceOrientationPortraitUpsideDown UIInterfaceOrientationLandscapeLeft UIInterfaceOrientationLandscapeRight";
				INFOPLIST_KEY_UISupportedInterfaceOrientations_iPhone = "UIInterfaceOrientationPortrait UIInterfaceOrientationLandscapeLeft UIInterfaceOrientationLandscapeRight";
				LD_RUNPATH_SEARCH_PATHS = (
					"$(inherited)",
					"@executable_path/Frameworks",
				);
				MARKETING_VERSION = 1.0;
				PRODUCT_BUNDLE_IDENTIFIER = idek.ExampleP2;
				PRODUCT_NAME = "$(TARGET_NAME)";
				SWIFT_EMIT_LOC_STRINGS = YES;
				SWIFT_VERSION = 5.0;
				TARGETED_DEVICE_FAMILY = "1,2";
			};
			name = Release;
		};
		FCF951C5284DFC7D00C01EB1 /* Debug */ = {
			isa = XCBuildConfiguration;
			buildSettings = {
				ALWAYS_EMBED_SWIFT_STANDARD_LIBRARIES = YES;
				BUNDLE_LOADER = "$(TEST_HOST)";
				CODE_SIGN_STYLE = Automatic;
				CURRENT_PROJECT_VERSION = 1;
				GENERATE_INFOPLIST_FILE = YES;
				IPHONEOS_DEPLOYMENT_TARGET = 15.5;
				MARKETING_VERSION = 1.0;
				PRODUCT_BUNDLE_IDENTIFIER = idek.ExampleP2Tests;
				PRODUCT_NAME = "$(TARGET_NAME)";
				SWIFT_EMIT_LOC_STRINGS = NO;
				SWIFT_VERSION = 5.0;
				TARGETED_DEVICE_FAMILY = "1,2";
				TEST_HOST = "$(BUILT_PRODUCTS_DIR)/ExampleP2.app/ExampleP2";
			};
			name = Debug;
		};
		FCF951C6284DFC7D00C01EB1 /* Release */ = {
			isa = XCBuildConfiguration;
			buildSettings = {
				ALWAYS_EMBED_SWIFT_STANDARD_LIBRARIES = YES;
				BUNDLE_LOADER = "$(TEST_HOST)";
				CODE_SIGN_STYLE = Automatic;
				CURRENT_PROJECT_VERSION = 1;
				GENERATE_INFOPLIST_FILE = YES;
				IPHONEOS_DEPLOYMENT_TARGET = 15.5;
				MARKETING_VERSION = 1.0;
				PRODUCT_BUNDLE_IDENTIFIER = idek.ExampleP2Tests;
				PRODUCT_NAME = "$(TARGET_NAME)";
				SWIFT_EMIT_LOC_STRINGS = NO;
				SWIFT_VERSION = 5.0;
				TARGETED_DEVICE_FAMILY = "1,2";
				TEST_HOST = "$(BUILT_PRODUCTS_DIR)/ExampleP2.app/ExampleP2";
			};
			name = Release;
		};
		FCF951C8284DFC7D00C01EB1 /* Debug */ = {
			isa = XCBuildConfiguration;
			buildSettings = {
				ALWAYS_EMBED_SWIFT_STANDARD_LIBRARIES = YES;
				CODE_SIGN_STYLE = Automatic;
				CURRENT_PROJECT_VERSION = 1;
				GENERATE_INFOPLIST_FILE = YES;
				MARKETING_VERSION = 1.0;
				PRODUCT_BUNDLE_IDENTIFIER = idek.ExampleP2UITests;
				PRODUCT_NAME = "$(TARGET_NAME)";
				SWIFT_EMIT_LOC_STRINGS = NO;
				SWIFT_VERSION = 5.0;
				TARGETED_DEVICE_FAMILY = "1,2";
				TEST_TARGET_NAME = ExampleP2;
			};
			name = Debug;
		};
		FCF951C9284DFC7D00C01EB1 /* Release */ = {
			isa = XCBuildConfiguration;
			buildSettings = {
				ALWAYS_EMBED_SWIFT_STANDARD_LIBRARIES = YES;
				CODE_SIGN_STYLE = Automatic;
				CURRENT_PROJECT_VERSION = 1;
				GENERATE_INFOPLIST_FILE = YES;
				MARKETING_VERSION = 1.0;
				PRODUCT_BUNDLE_IDENTIFIER = idek.ExampleP2UITests;
				PRODUCT_NAME = "$(TARGET_NAME)";
				SWIFT_EMIT_LOC_STRINGS = NO;
				SWIFT_VERSION = 5.0;
				TARGETED_DEVICE_FAMILY = "1,2";
				TEST_TARGET_NAME = ExampleP2;
			};
			name = Release;
		};
/* End XCBuildConfiguration section */

/* Begin XCConfigurationList section */
		FCF95192284DFC7D00C01EB1 /* Build configuration list for PBXProject "ExampleP2" */ = {
			isa = XCConfigurationList;
			buildConfigurations = (
				FCF951BF284DFC7D00C01EB1 /* Debug */,
				FCF951C0284DFC7D00C01EB1 /* Release */,
			);
			defaultConfigurationIsVisible = 0;
			defaultConfigurationName = Release;
		};
		FCF951C1284DFC7D00C01EB1 /* Build configuration list for PBXNativeTarget "ExampleP2" */ = {
			isa = XCConfigurationList;
			buildConfigurations = (
				FCF951C2284DFC7D00C01EB1 /* Debug */,
				FCF951C3284DFC7D00C01EB1 /* Release */,
			);
			defaultConfigurationIsVisible = 0;
			defaultConfigurationName = Release;
		};
		FCF951C4284DFC7D00C01EB1 /* Build configuration list for PBXNativeTarget "ExampleP2Tests" */ = {
			isa = XCConfigurationList;
			buildConfigurations = (
				FCF951C5284DFC7D00C01EB1 /* Debug */,
				FCF951C6284DFC7D00C01EB1 /* Release */,
			);
			defaultConfigurationIsVisible = 0;
			defaultConfigurationName = Release;
		};
		FCF951C7284DFC7D00C01EB1 /* Build configuration list for PBXNativeTarget "ExampleP2UITests" */ = {
			isa = XCConfigurationList;
			buildConfigurations = (
				FCF951C8284DFC7D00C01EB1 /* Debug */,
				FCF951C9284DFC7D00C01EB1 /* Release */,
			);
			defaultConfigurationIsVisible = 0;
			defaultConfigurationName = Release;
		};
/* End XCConfigurationList section */
	};
	rootObject = FCF9518F284DFC7D00C01EB1 /* Project object */;
}
